<?xml version="1.0" encoding="utf-8"?>
<Project ToolsVersion="4.0" xmlns="http://schemas.microsoft.com/developer/msbuild/2003">
  <ItemGroup>
    <Filter Include="Source Files">
      <UniqueIdentifier>{4FC737F1-C7A5-4376-A066-2A32D752A2FF}</UniqueIdentifier>
      <Extensions>cpp;c;cc;cxx;def;odl;idl;hpj;bat;asm;asmx</Extensions>
    </Filter>
    <Filter Include="Resource Files">
      <UniqueIdentifier>{67DA6AB6-F800-4c08-8B7A-83BB121AAD01}</UniqueIdentifier>
      <Extensions>rc;ico;cur;bmp;dlg;rc2;rct;bin;rgs;gif;jpg;jpeg;jpe;resx;tiff;tif;png;wav</Extensions>
    </Filter>
    <Filter Include="Pixel Filter">
      <UniqueIdentifier>{3ff8d06f-8883-485d-a0c2-9727ca7e4e95}</UniqueIdentifier>
    </Filter>
    <Filter Include="Pixel Filter\HQ">
      <UniqueIdentifier>{51092af4-ae39-4e3b-948a-94a586309418}</UniqueIdentifier>
    </Filter>
    <Filter Include="Pixel Filter\HQ\3x_4x_asm">
      <UniqueIdentifier>{7de46f7c-4a41-4045-b8bc-2f04734aae1a}</UniqueIdentifier>
    </Filter>
    <Filter Include="Pixel Filter\xBRZ">
      <UniqueIdentifier>{5d0a37bf-0c6f-4042-924b-d54efa88a85d}</UniqueIdentifier>
    </Filter>
  </ItemGroup>
  <ItemGroup>
    <ClInclude Include="..\..\src\filters\hq2x.h">
      <Filter>Pixel Filter\HQ</Filter>
    </ClInclude>
    <ClInclude Include="..\..\src\filters\interp.h">
      <Filter>Pixel Filter\HQ</Filter>
    </ClInclude>
    <ClInclude Include="..\..\src\filters\lq2x.h">
      <Filter>Pixel Filter\HQ</Filter>
    </ClInclude>
    <ClInclude Include="..\..\src\filters\xBRZ\xbrz.h">
      <Filter>Pixel Filter\xBRZ</Filter>
    </ClInclude>
    <ClInclude Include="..\..\src\filters\xBRZ\config.h">
      <Filter>Pixel Filter\xBRZ</Filter>
    </ClInclude>
    <ClInclude Include="..\..\src\sdl\text.h">
      <Filter>Source Files</Filter>
    </ClInclude>
  </ItemGroup>
  <ItemGroup>
    <ClCompile Include="..\..\src\wx\wxvbam.cpp">
      <Filter>Source Files</Filter>
    </ClCompile>
    <ClCompile Include="..\..\src\wx\cmdevents.cpp">
      <Filter>Source Files</Filter>
    </ClCompile>
    <ClCompile Include="..\..\src\wx\cmdtab.cpp">
      <Filter>Source Files</Filter>
    </ClCompile>
    <ClCompile Include="..\..\src\wx\gfxviewers.cpp">
      <Filter>Source Files</Filter>
    </ClCompile>
    <ClCompile Include="..\..\src\wx\guiinit.cpp">
      <Filter>Source Files</Filter>
    </ClCompile>
    <ClCompile Include="..\..\src\wx\openal.cpp">
      <Filter>Source Files</Filter>
    </ClCompile>
    <ClCompile Include="..\..\src\wx\opts.cpp">
      <Filter>Source Files</Filter>
    </ClCompile>
    <ClCompile Include="..\..\src\wx\panel.cpp">
      <Filter>Source Files</Filter>
    </ClCompile>
    <ClCompile Include="..\..\src\wx\sys.cpp">
      <Filter>Source Files</Filter>
    </ClCompile>
    <ClCompile Include="..\..\src\wx\viewers.cpp">
      <Filter>Source Files</Filter>
    </ClCompile>
    <ClCompile Include="..\..\src\wx\viewsupt.cpp">
      <Filter>Source Files</Filter>
    </ClCompile>
    <ClCompile Include="..\..\src\wx\xaudio2.cpp">
      <Filter>Source Files</Filter>
    </ClCompile>
    <ClCompile Include="..\..\src\wx\widgets\checkedlistctrl.cpp">
      <Filter>Source Files</Filter>
    </ClCompile>
    <ClCompile Include="..\..\src\wx\widgets\joyedit.cpp">
      <Filter>Source Files</Filter>
    </ClCompile>
    <ClCompile Include="..\..\src\wx\widgets\keyedit.cpp">
      <Filter>Source Files</Filter>
    </ClCompile>
    <ClCompile Include="..\..\src\wx\widgets\sdljoy.cpp">
      <Filter>Source Files</Filter>
    </ClCompile>
    <ClCompile Include="..\..\src\wx\widgets\wxmisc.cpp">
      <Filter>Source Files</Filter>
    </ClCompile>
    <ClCompile Include="..\..\dependencies\msvc\getopt.c">
      <Filter>Source Files</Filter>
    </ClCompile>
    <ClCompile Include="..\..\src\sdl\text.cpp">
      <Filter>Source Files</Filter>
    </ClCompile>
    <ClCompile Include="..\..\src\common\SoundSDL.cpp">
      <Filter>Source Files</Filter>
    </ClCompile>
    <ClCompile Include="..\..\src\wx\dsound.cpp">
      <Filter>Source Files</Filter>
    </ClCompile>
    <ClCompile Include="..\..\src\sdl\filters.cpp">
      <Filter>Source Files</Filter>
    </ClCompile>
    <ClCompile Include="..\..\src\filters\2xSaI.cpp">
      <Filter>Pixel Filter</Filter>
    </ClCompile>
    <ClCompile Include="..\..\src\filters\admame.cpp">
      <Filter>Pixel Filter</Filter>
    </ClCompile>
    <ClCompile Include="..\..\src\filters\bilinear.cpp">
      <Filter>Pixel Filter</Filter>
    </ClCompile>
    <ClCompile Include="..\..\src\filters\interframe.cpp">
      <Filter>Pixel Filter</Filter>
    </ClCompile>
    <ClCompile Include="..\..\src\filters\pixel.cpp">
      <Filter>Pixel Filter</Filter>
    </ClCompile>
    <ClCompile Include="..\..\src\filters\scanline.cpp">
      <Filter>Pixel Filter</Filter>
    </ClCompile>
    <ClCompile Include="..\..\src\filters\simpleFilter.cpp">
      <Filter>Pixel Filter</Filter>
    </ClCompile>
    <ClCompile Include="..\..\src\filters\hq2x.cpp">
      <Filter>Pixel Filter\HQ</Filter>
    </ClCompile>
    <ClCompile Include="..\..\src\filters\hq\asm\hq3x32.cpp">
      <Filter>Pixel Filter\HQ\3x_4x_asm</Filter>
    </ClCompile>
    <ClCompile Include="..\..\src\filters\xbrzfilter.cpp">
      <Filter>Pixel Filter\xBRZ</Filter>
    </ClCompile>
    <ClCompile Include="..\..\src\filters\xBRZ\xbrz.cpp">
      <Filter>Pixel Filter\xBRZ</Filter>
    </ClCompile>
    <ClCompile Include="..\..\src\sdl\inputSDL.cpp">
      <Filter>Source Files</Filter>
    </ClCompile>
  </ItemGroup>
  <ItemGroup>
    <ClInclude Include="..\..\src\wx\filters.h">
      <Filter>Source Files</Filter>
    </ClInclude>
    <ClInclude Include="..\..\src\wx\ioregs.h">
      <Filter>Source Files</Filter>
    </ClInclude>
    <ClInclude Include="..\..\src\wx\openal.h">
      <Filter>Source Files</Filter>
    </ClInclude>
    <ClInclude Include="..\..\src\wx\opts.h">
      <Filter>Source Files</Filter>
    </ClInclude>
    <ClInclude Include="..\..\src\wx\viewsupt.h">
      <Filter>Source Files</Filter>
    </ClInclude>
    <ClInclude Include="..\..\src\wx\wxhead.h">
      <Filter>Source Files</Filter>
    </ClInclude>
    <ClInclude Include="..\..\src\wx\wxvbam.h">
      <Filter>Source Files</Filter>
    </ClInclude>
    <ClInclude Include="..\..\src\wx\builtin-over.h">
      <Filter>Source Files</Filter>
    </ClInclude>
    <ClInclude Include="..\..\src\wx\builtin-xrc.h">
      <Filter>Source Files</Filter>
    </ClInclude>
    <ClInclude Include="..\..\src\wx\cmd-evtable.h">
      <Filter>Source Files</Filter>
    </ClInclude>
    <ClInclude Include="..\..\src\wx\cmdhandlers.h">
      <Filter>Source Files</Filter>
    </ClInclude>
    <ClInclude Include="..\..\src\wx\drawing.h">
      <Filter>Source Files</Filter>
    </ClInclude>
    <ClInclude Include="..\..\src\wx\widgets\wx\checkedlistctrl.h">
      <Filter>Source Files</Filter>
    </ClInclude>
    <ClInclude Include="..\..\src\wx\widgets\wx\joyedit.h">
      <Filter>Source Files</Filter>
    </ClInclude>
    <ClInclude Include="..\..\src\wx\widgets\wx\keyedit.h">
      <Filter>Source Files</Filter>
    </ClInclude>
    <ClInclude Include="..\..\src\wx\widgets\wx\sdljoy.h">
      <Filter>Source Files</Filter>
    </ClInclude>
    <ClInclude Include="..\..\src\wx\widgets\wx\webupdatedef.h">
      <Filter>Source Files</Filter>
    </ClInclude>
    <ClInclude Include="..\..\src\wx\widgets\wx\wxmisc.h">
      <Filter>Source Files</Filter>
    </ClInclude>
    <ClInclude Include="..\..\dependencies\msvc\getopt.h">
      <Filter>Source Files</Filter>
    </ClInclude>
    <ClInclude Include="..\..\src\common\SoundSDL.h">
      <Filter>Source Files</Filter>
    </ClInclude>
    <ClInclude Include="..\..\src\sdl\filters.h">
      <Filter>Source Files</Filter>
    </ClInclude>
    <ClInclude Include="..\..\src\filters\hq2x.h">
      <Filter>Pixel Filter\HQ</Filter>
    </ClInclude>
    <ClInclude Include="..\..\src\filters\interp.h">
      <Filter>Pixel Filter\HQ</Filter>
    </ClInclude>
    <ClInclude Include="..\..\src\filters\lq2x.h">
      <Filter>Pixel Filter\HQ</Filter>
    </ClInclude>
    <ClInclude Include="..\..\src\filters\xBRZ\config.h">
      <Filter>Pixel Filter\xBRZ</Filter>
    </ClInclude>
    <ClInclude Include="..\..\src\filters\xBRZ\xbrz.h">
      <Filter>Pixel Filter\xBRZ</Filter>
    </ClInclude>
  </ItemGroup>
  <ItemGroup>
    <ResourceCompile Include="..\..\src\wx\wxvbam.rc">
      <Filter>Resource Files</Filter>
    </ResourceCompile>
  </ItemGroup>
  <ItemGroup>
    <None Include="..\..\src\filters\hq\asm\macros.mac">
      <Filter>Pixel Filter\HQ\3x_4x_asm</Filter>
    </None>
  </ItemGroup>
  <ItemGroup>
    <NASM Include="..\..\src\filters\2xSaImmx.asm">
      <Filter>Pixel Filter</Filter>
    </NASM>
    <NASM Include="..\..\src\filters\hq\asm\hq3x_16.asm">
      <Filter>Pixel Filter\HQ\3x_4x_asm</Filter>
    </NASM>
    <NASM Include="..\..\src\filters\hq\asm\hq3x_32.asm">
      <Filter>Pixel Filter\HQ\3x_4x_asm</Filter>
    </NASM>
    <NASM Include="..\..\src\filters\hq\asm\hq4x_16.asm">
      <Filter>Pixel Filter\HQ\3x_4x_asm</Filter>
    </NASM>
    <NASM Include="..\..\src\filters\hq\asm\hq4x_32.asm">
      <Filter>Pixel Filter\HQ\3x_4x_asm</Filter>
    </NASM>
  </ItemGroup>
</Project>