Microsoft Visual Studio Solution File, Format Version 12.00
# Visual Studio 2013
VisualStudioVersion = 12.0.31101.0
MinimumVisualStudioVersion = 10.0.40219.1
Project("{2150E333-8FDC-42A3-9474-1A3956D46DE8}") = "dependencies", "dependencies", "{8B814174-883E-43D0-969E-3A17D8EDE080}"
EndProject
Project("{8BC9CEB8-8B4A-11D0-8D11-00A0C91BC942}") = "VBA-M", "VBA2013.vcxproj", "{6D4C5EC8-933F-4C05-A1BF-498E658576DF}"
EndProject
Project("{8BC9CEB8-8B4A-11D0-8D11-00A0C91BC942}") = "zlib", "..\..\dependencies\zlib\project\vs2013\zlib.vcxproj", "{3E03C179-8251-46E4-81F4-466F114BAC63}"
EndProject
Project("{8BC9CEB8-8B4A-11D0-8D11-00A0C91BC942}") = "SFML", "..\..\dependencies\SFML\build\vc2013\sfml-network.vcxproj", "{823DDC98-42D5-4A38-88CF-9DC06C788AE4}"
EndProject
Project("{8BC9CEB8-8B4A-11D0-8D11-00A0C91BC942}") = "libpng", "..\..\dependencies\libpng\project\vs2013\libpng.vcxproj", "{0008960E-E0DD-41A6-8265-00B31DDB4C21}"
EndProject
Project("{8BC9CEB8-8B4A-11D0-8D11-00A0C91BC942}") = "File_Extractor", "..\..\fex\File_Extractor2013.vcxproj", "{7AEC599C-7C82-4F00-AA60-411E0A359CB0}"
EndProject
Project("{8BC9CEB8-8B4A-11D0-8D11-00A0C91BC942}") = "VisualBoyAdvance-M-SDL", "VBA-M-SDL.vcxproj", "{E269FC02-8378-49CB-91F2-A092ACDD0123}"
	ProjectSection(ProjectDependencies) = postProject
		{81CE8DAF-EBB2-4761-8E45-B71ABCCA8C68} = {81CE8DAF-EBB2-4761-8E45-B71ABCCA8C68}
		{6D4C5EC8-933F-4C05-A1BF-498E658576DF} = {6D4C5EC8-933F-4C05-A1BF-498E658576DF}
		{DA956FD3-E142-46F2-9DD5-C78BEBB56B7A} = {DA956FD3-E142-46F2-9DD5-C78BEBB56B7A}
	EndProjectSection
EndProject
Project("{8BC9CEB8-8B4A-11D0-8D11-00A0C91BC942}") = "VisualBoyAdvance-M", "VBA-M-MFC.vcxproj", "{B16AEF99-BFAB-4F85-BFE0-732524926C60}"
	ProjectSection(ProjectDependencies) = postProject
		{6D4C5EC8-933F-4C05-A1BF-498E658576DF} = {6D4C5EC8-933F-4C05-A1BF-498E658576DF}
	EndProjectSection
EndProject
Project("{8BC9CEB8-8B4A-11D0-8D11-00A0C91BC942}") = "SDL", "..\..\dependencies\sdl\vs2013\SDL\SDL.vcxproj", "{81CE8DAF-EBB2-4761-8E45-B71ABCCA8C68}"
EndProject
Project("{8BC9CEB8-8B4A-11D0-8D11-00A0C91BC942}") = "SDLmain", "..\..\dependencies\sdl\vs2013\SDLmain\SDLmain.vcxproj", "{DA956FD3-E142-46F2-9DD5-C78BEBB56B7A}"
EndProject
Project("{2150E333-8FDC-42A3-9474-1A3956D46DE8}") = "wx", "wx", "{1B59202A-8BC2-4493-AC7A-7041E8F572DE}"
EndProject
Project("{8BC9CEB8-8B4A-11D0-8D11-00A0C91BC942}") = "_custom_build", "..\..\dependencies\wxwidgets\build\msw\wx_vc12_custom_build.vcxproj", "{01F4CE10-2CFB-41A8-B41F-E54337868A1D}"
EndProject
Project("{8BC9CEB8-8B4A-11D0-8D11-00A0C91BC942}") = "adv", "..\..\dependencies\wxwidgets\build\msw\wx_vc12_adv.vcxproj", "{24C45343-FD20-5C92-81C1-35A2AE841E79}"
	ProjectSection(ProjectDependencies) = postProject
		{01F4CE10-2CFB-41A8-B41F-E54337868A1D} = {01F4CE10-2CFB-41A8-B41F-E54337868A1D}
	EndProjectSection
EndProject
Project("{8BC9CEB8-8B4A-11D0-8D11-00A0C91BC942}") = "aui", "..\..\dependencies\wxwidgets\build\msw\wx_vc12_aui.vcxproj", "{A16D3832-0F42-57CE-8F48-50E06649ADE8}"
	ProjectSection(ProjectDependencies) = postProject
		{01F4CE10-2CFB-41A8-B41F-E54337868A1D} = {01F4CE10-2CFB-41A8-B41F-E54337868A1D}
	EndProjectSection
EndProject
Project("{8BC9CEB8-8B4A-11D0-8D11-00A0C91BC942}") = "base", "..\..\dependencies\wxwidgets\build\msw\wx_vc12_base.vcxproj", "{3FCC50C2-81E9-5DB2-B8D8-2129427568B1}"
	ProjectSection(ProjectDependencies) = postProject
		{01F4CE10-2CFB-41A8-B41F-E54337868A1D} = {01F4CE10-2CFB-41A8-B41F-E54337868A1D}
	EndProjectSection
EndProject
Project("{8BC9CEB8-8B4A-11D0-8D11-00A0C91BC942}") = "core", "..\..\dependencies\wxwidgets\build\msw\wx_vc12_core.vcxproj", "{6744DAD8-9C70-574A-BFF2-9F8DDDB24A75}"
	ProjectSection(ProjectDependencies) = postProject
		{01F4CE10-2CFB-41A8-B41F-E54337868A1D} = {01F4CE10-2CFB-41A8-B41F-E54337868A1D}
	EndProjectSection
EndProject
Project("{8BC9CEB8-8B4A-11D0-8D11-00A0C91BC942}") = "propgrid", "..\..\dependencies\wxwidgets\build\msw\wx_vc12_propgrid.vcxproj", "{97FDAB45-9C58-5BC5-A2F4-EE42739EBC63}"
	ProjectSection(ProjectDependencies) = postProject
		{01F4CE10-2CFB-41A8-B41F-E54337868A1D} = {01F4CE10-2CFB-41A8-B41F-E54337868A1D}
	EndProjectSection
EndProject
Project("{8BC9CEB8-8B4A-11D0-8D11-00A0C91BC942}") = "ribbon", "..\..\dependencies\wxwidgets\build\msw\wx_vc12_ribbon.vcxproj", "{87B42A9C-3F5C-53D7-9017-2B1CAE39457D}"
	ProjectSection(ProjectDependencies) = postProject
		{01F4CE10-2CFB-41A8-B41F-E54337868A1D} = {01F4CE10-2CFB-41A8-B41F-E54337868A1D}
	EndProjectSection
EndProject
Project("{8BC9CEB8-8B4A-11D0-8D11-00A0C91BC942}") = "richtext", "..\..\dependencies\wxwidgets\build\msw\wx_vc12_richtext.vcxproj", "{7FB0902D-8579-5DCE-B883-DAF66A885005}"
	ProjectSection(ProjectDependencies) = postProject
		{01F4CE10-2CFB-41A8-B41F-E54337868A1D} = {01F4CE10-2CFB-41A8-B41F-E54337868A1D}
	EndProjectSection
EndProject
Project("{8BC9CEB8-8B4A-11D0-8D11-00A0C91BC942}") = "xml", "..\..\dependencies\wxwidgets\build\msw\wx_vc12_xml.vcxproj", "{3E6DCA27-5FA3-53EC-BBD6-2D42294B7AE6}"
	ProjectSection(ProjectDependencies) = postProject
		{01F4CE10-2CFB-41A8-B41F-E54337868A1D} = {01F4CE10-2CFB-41A8-B41F-E54337868A1D}
	EndProjectSection
EndProject
Project("{8BC9CEB8-8B4A-11D0-8D11-00A0C91BC942}") = "xrc", "..\..\dependencies\wxwidgets\build\msw\wx_vc12_xrc.vcxproj", "{09F2F96A-1CC6-5E43-AF1D-956EC2A4888D}"
	ProjectSection(ProjectDependencies) = postProject
		{01F4CE10-2CFB-41A8-B41F-E54337868A1D} = {01F4CE10-2CFB-41A8-B41F-E54337868A1D}
		{3FCC50C2-81E9-5DB2-B8D8-2129427568B1} = {3FCC50C2-81E9-5DB2-B8D8-2129427568B1}
	EndProjectSection
EndProject
Project("{8BC9CEB8-8B4A-11D0-8D11-00A0C91BC942}") = "VisualBoyAdvance-M-WX", "VBA-M-WX.vcxproj", "{853D1FD7-20AB-586C-9699-9680F84AC985}"
	ProjectSection(ProjectDependencies) = postProject
		{FE52E435-A7EF-4576-AFA8-41DB45035834} = {FE52E435-A7EF-4576-AFA8-41DB45035834}
		{81CE8DAF-EBB2-4761-8E45-B71ABCCA8C68} = {81CE8DAF-EBB2-4761-8E45-B71ABCCA8C68}
		{F37084CC-8FC4-59F4-B769-CDFF8A384B67} = {F37084CC-8FC4-59F4-B769-CDFF8A384B67}
	EndProjectSection
EndProject
Project("{8BC9CEB8-8B4A-11D0-8D11-00A0C91BC942}") = "bin2c", "..\..\dependencies\bin2c\vs2013\bin2c.vcxproj", "{FE52E435-A7EF-4576-AFA8-41DB45035834}"
EndProject
Project("{8BC9CEB8-8B4A-11D0-8D11-00A0C91BC942}") = "wxrc", "..\..\dependencies\wxwidgets\utils\wxrc\wxrc_vc9.vcxproj", "{F37084CC-8FC4-59F4-B769-CDFF8A384B67}"
	ProjectSection(ProjectDependencies) = postProject
		{01F4CE10-2CFB-41A8-B41F-E54337868A1D} = {01F4CE10-2CFB-41A8-B41F-E54337868A1D}
		{56A4B526-BB81-5D01-AAA9-16D23BBB169D} = {56A4B526-BB81-5D01-AAA9-16D23BBB169D}
		{3E6DCA27-5FA3-53EC-BBD6-2D42294B7AE6} = {3E6DCA27-5FA3-53EC-BBD6-2D42294B7AE6}
		{A1A8355B-0988-528E-9CC2-B971D6266669} = {A1A8355B-0988-528E-9CC2-B971D6266669}
		{8B867186-A0B5-5479-B824-E176EDD27C40} = {8B867186-A0B5-5479-B824-E176EDD27C40}
		{3FCC50C2-81E9-5DB2-B8D8-2129427568B1} = {3FCC50C2-81E9-5DB2-B8D8-2129427568B1}
	EndProjectSection
EndProject
Project("{8BC9CEB8-8B4A-11D0-8D11-00A0C91BC942}") = "gl", "..\..\dependencies\wxwidgets\build\msw\wx_vc12_gl.vcxproj", "{DA8B15EF-6750-5928-BC0E-C748213CF9B2}"
	ProjectSection(ProjectDependencies) = postProject
		{01F4CE10-2CFB-41A8-B41F-E54337868A1D} = {01F4CE10-2CFB-41A8-B41F-E54337868A1D}
	EndProjectSection
EndProject
Project("{8BC9CEB8-8B4A-11D0-8D11-00A0C91BC942}") = "html", "..\..\dependencies\wxwidgets\build\msw\wx_vc12_html.vcxproj", "{33CC42F9-7756-5587-863C-8D4461B7C5DD}"
	ProjectSection(ProjectDependencies) = postProject
		{01F4CE10-2CFB-41A8-B41F-E54337868A1D} = {01F4CE10-2CFB-41A8-B41F-E54337868A1D}
	EndProjectSection
EndProject
Project("{8BC9CEB8-8B4A-11D0-8D11-00A0C91BC942}") = "net", "..\..\dependencies\wxwidgets\build\msw\wx_vc12_net.vcxproj", "{69F2EDE4-7D21-5738-9BC0-F66F61C9AE00}"
	ProjectSection(ProjectDependencies) = postProject
		{01F4CE10-2CFB-41A8-B41F-E54337868A1D} = {01F4CE10-2CFB-41A8-B41F-E54337868A1D}
	EndProjectSection
EndProject
Project("{8BC9CEB8-8B4A-11D0-8D11-00A0C91BC942}") = "qa", "..\..\dependencies\wxwidgets\build\msw\wx_vc12_qa.vcxproj", "{E21129E0-7C08-5936-9D8C-0D60B5319BA7}"
	ProjectSection(ProjectDependencies) = postProject
		{01F4CE10-2CFB-41A8-B41F-E54337868A1D} = {01F4CE10-2CFB-41A8-B41F-E54337868A1D}
	EndProjectSection
EndProject
Project("{8BC9CEB8-8B4A-11D0-8D11-00A0C91BC942}") = "stc", "..\..\dependencies\wxwidgets\build\msw\wx_vc12_stc.vcxproj", "{23E1C437-A951-5943-8639-A17F3CF2E606}"
	ProjectSection(ProjectDependencies) = postProject
		{01F4CE10-2CFB-41A8-B41F-E54337868A1D} = {01F4CE10-2CFB-41A8-B41F-E54337868A1D}
	EndProjectSection
EndProject
Project("{8BC9CEB8-8B4A-11D0-8D11-00A0C91BC942}") = "webview", "..\..\dependencies\wxwidgets\build\msw\wx_vc12_webview.vcxproj", "{A8E8442A-078A-5FC5-B495-8D71BA77EE6E}"
	ProjectSection(ProjectDependencies) = postProject
		{01F4CE10-2CFB-41A8-B41F-E54337868A1D} = {01F4CE10-2CFB-41A8-B41F-E54337868A1D}
	EndProjectSection
EndProject
Project("{8BC9CEB8-8B4A-11D0-8D11-00A0C91BC942}") = "wxexpat", "..\..\dependencies\wxwidgets\build\msw\wx_vc12_wxexpat.vcxproj", "{A1A8355B-0988-528E-9CC2-B971D6266669}"
EndProject
Project("{8BC9CEB8-8B4A-11D0-8D11-00A0C91BC942}") = "wxjpeg", "..\..\dependencies\wxwidgets\build\msw\wx_vc12_wxjpeg.vcxproj", "{6053CC38-CDEE-584C-8BC8-4B000D800FC7}"
EndProject
Project("{8BC9CEB8-8B4A-11D0-8D11-00A0C91BC942}") = "wxpng", "..\..\dependencies\wxwidgets\build\msw\wx_vc12_wxpng.vcxproj", "{8ACC122A-CA6A-5AA6-9C97-9CDD2E533DB0}"
EndProject
Project("{8BC9CEB8-8B4A-11D0-8D11-00A0C91BC942}") = "wxregex", "..\..\dependencies\wxwidgets\build\msw\wx_vc12_wxregex.vcxproj", "{56A4B526-BB81-5D01-AAA9-16D23BBB169D}"
	ProjectSection(ProjectDependencies) = postProject
		{01F4CE10-2CFB-41A8-B41F-E54337868A1D} = {01F4CE10-2CFB-41A8-B41F-E54337868A1D}
	EndProjectSection
EndProject
Project("{8BC9CEB8-8B4A-11D0-8D11-00A0C91BC942}") = "wxscintilla", "..\..\dependencies\wxwidgets\build\msw\wx_vc12_wxscintilla.vcxproj", "{74827EBD-93DC-5110-BA95-3F2AB029B6B0}"
EndProject
Project("{8BC9CEB8-8B4A-11D0-8D11-00A0C91BC942}") = "wxtiff", "..\..\dependencies\wxwidgets\build\msw\wx_vc12_wxtiff.vcxproj", "{75596CE6-5AE7-55C9-B890-C07B0A657A83}"
EndProject
Project("{8BC9CEB8-8B4A-11D0-8D11-00A0C91BC942}") = "wxzlib", "..\..\dependencies\wxwidgets\build\msw\wx_vc12_wxzlib.vcxproj", "{8B867186-A0B5-5479-B824-E176EDD27C40}"
EndProject
Project("{8BC9CEB8-8B4A-11D0-8D11-00A0C91BC942}") = "SDL2", "..\..\dependencies\sdl2\VisualC\SDL\SDL_VS2013.vcxproj", "{680B6B6E-D55A-4B7B-AEC8-3838854F1802}"
EndProject
Project("{8BC9CEB8-8B4A-11D0-8D11-00A0C91BC942}") = "SDL2main", "..\..\dependencies\sdl2\VisualC\SDLmain\SDLmain_VS2013.vcxproj", "{6A964F2F-2D24-431E-B4BF-38A9D40E5DE5}"
EndProject
Global
	GlobalSection(SolutionConfigurationPlatforms) = preSolution
		Debug|Win32 = Debug|Win32
		Release|Win32 = Release|Win32
	EndGlobalSection
	GlobalSection(ProjectConfigurationPlatforms) = postSolution
		{6D4C5EC8-933F-4C05-A1BF-498E658576DF}.Debug|Win32.ActiveCfg = Debug|Win32
		{6D4C5EC8-933F-4C05-A1BF-498E658576DF}.Debug|Win32.Build.0 = Debug|Win32
		{6D4C5EC8-933F-4C05-A1BF-498E658576DF}.Release|Win32.ActiveCfg = Release|Win32
		{6D4C5EC8-933F-4C05-A1BF-498E658576DF}.Release|Win32.Build.0 = Release|Win32
		{3E03C179-8251-46E4-81F4-466F114BAC63}.Debug|Win32.ActiveCfg = Debug|Win32
		{3E03C179-8251-46E4-81F4-466F114BAC63}.Debug|Win32.Build.0 = Debug|Win32
		{3E03C179-8251-46E4-81F4-466F114BAC63}.Release|Win32.ActiveCfg = Release|Win32
		{3E03C179-8251-46E4-81F4-466F114BAC63}.Release|Win32.Build.0 = Release|Win32
		{823DDC98-42D5-4A38-88CF-9DC06C788AE4}.Debug|Win32.ActiveCfg = Debug|Win32
		{823DDC98-42D5-4A38-88CF-9DC06C788AE4}.Debug|Win32.Build.0 = Debug|Win32
		{823DDC98-42D5-4A38-88CF-9DC06C788AE4}.Release|Win32.ActiveCfg = Release|Win32
		{823DDC98-42D5-4A38-88CF-9DC06C788AE4}.Release|Win32.Build.0 = Release|Win32
		{0008960E-E0DD-41A6-8265-00B31DDB4C21}.Debug|Win32.ActiveCfg = Debug|Win32
		{0008960E-E0DD-41A6-8265-00B31DDB4C21}.Debug|Win32.Build.0 = Debug|Win32
		{0008960E-E0DD-41A6-8265-00B31DDB4C21}.Release|Win32.ActiveCfg = Release|Win32
		{0008960E-E0DD-41A6-8265-00B31DDB4C21}.Release|Win32.Build.0 = Release|Win32
		{7AEC599C-7C82-4F00-AA60-411E0A359CB0}.Debug|Win32.ActiveCfg = Debug|Win32
		{7AEC599C-7C82-4F00-AA60-411E0A359CB0}.Debug|Win32.Build.0 = Debug|Win32
		{7AEC599C-7C82-4F00-AA60-411E0A359CB0}.Release|Win32.ActiveCfg = Release|Win32
		{7AEC599C-7C82-4F00-AA60-411E0A359CB0}.Release|Win32.Build.0 = Release|Win32
		{E269FC02-8378-49CB-91F2-A092ACDD0123}.Debug|Win32.ActiveCfg = Debug|Win32
		{E269FC02-8378-49CB-91F2-A092ACDD0123}.Debug|Win32.Build.0 = Debug|Win32
		{E269FC02-8378-49CB-91F2-A092ACDD0123}.Release|Win32.ActiveCfg = Release|Win32
		{E269FC02-8378-49CB-91F2-A092ACDD0123}.Release|Win32.Build.0 = Release|Win32
		{B16AEF99-BFAB-4F85-BFE0-732524926C60}.Debug|Win32.ActiveCfg = Debug|Win32
		{B16AEF99-BFAB-4F85-BFE0-732524926C60}.Debug|Win32.Build.0 = Debug|Win32
		{B16AEF99-BFAB-4F85-BFE0-732524926C60}.Release|Win32.ActiveCfg = Release|Win32
		{B16AEF99-BFAB-4F85-BFE0-732524926C60}.Release|Win32.Build.0 = Release|Win32
		{81CE8DAF-EBB2-4761-8E45-B71ABCCA8C68}.Debug|Win32.ActiveCfg = Debug|Win32
		{81CE8DAF-EBB2-4761-8E45-B71ABCCA8C68}.Debug|Win32.Build.0 = Debug|Win32
		{81CE8DAF-EBB2-4761-8E45-B71ABCCA8C68}.Release|Win32.ActiveCfg = Release|Win32
		{81CE8DAF-EBB2-4761-8E45-B71ABCCA8C68}.Release|Win32.Build.0 = Release|Win32
		{DA956FD3-E142-46F2-9DD5-C78BEBB56B7A}.Debug|Win32.ActiveCfg = Debug|Win32
		{DA956FD3-E142-46F2-9DD5-C78BEBB56B7A}.Debug|Win32.Build.0 = Debug|Win32
		{DA956FD3-E142-46F2-9DD5-C78BEBB56B7A}.Release|Win32.ActiveCfg = Release|Win32
		{DA956FD3-E142-46F2-9DD5-C78BEBB56B7A}.Release|Win32.Build.0 = Release|Win32
		{01F4CE10-2CFB-41A8-B41F-E54337868A1D}.Debug|Win32.ActiveCfg = Debug|Win32
		{01F4CE10-2CFB-41A8-B41F-E54337868A1D}.Debug|Win32.Build.0 = Debug|Win32
		{01F4CE10-2CFB-41A8-B41F-E54337868A1D}.Release|Win32.ActiveCfg = Release|Win32
		{01F4CE10-2CFB-41A8-B41F-E54337868A1D}.Release|Win32.Build.0 = Release|Win32
		{24C45343-FD20-5C92-81C1-35A2AE841E79}.Debug|Win32.ActiveCfg = Debug|Win32
		{24C45343-FD20-5C92-81C1-35A2AE841E79}.Debug|Win32.Build.0 = Debug|Win32
		{24C45343-FD20-5C92-81C1-35A2AE841E79}.Release|Win32.ActiveCfg = Release|Win32
		{24C45343-FD20-5C92-81C1-35A2AE841E79}.Release|Win32.Build.0 = Release|Win32
		{A16D3832-0F42-57CE-8F48-50E06649ADE8}.Debug|Win32.ActiveCfg = Debug|Win32
		{A16D3832-0F42-57CE-8F48-50E06649ADE8}.Debug|Win32.Build.0 = Debug|Win32
		{A16D3832-0F42-57CE-8F48-50E06649ADE8}.Release|Win32.ActiveCfg = Release|Win32
		{A16D3832-0F42-57CE-8F48-50E06649ADE8}.Release|Win32.Build.0 = Release|Win32
		{3FCC50C2-81E9-5DB2-B8D8-2129427568B1}.Debug|Win32.ActiveCfg = Debug|Win32
		{3FCC50C2-81E9-5DB2-B8D8-2129427568B1}.Debug|Win32.Build.0 = Debug|Win32
		{3FCC50C2-81E9-5DB2-B8D8-2129427568B1}.Release|Win32.ActiveCfg = Release|Win32
		{3FCC50C2-81E9-5DB2-B8D8-2129427568B1}.Release|Win32.Build.0 = Release|Win32
		{6744DAD8-9C70-574A-BFF2-9F8DDDB24A75}.Debug|Win32.ActiveCfg = Debug|Win32
		{6744DAD8-9C70-574A-BFF2-9F8DDDB24A75}.Debug|Win32.Build.0 = Debug|Win32
		{6744DAD8-9C70-574A-BFF2-9F8DDDB24A75}.Release|Win32.ActiveCfg = Release|Win32
		{6744DAD8-9C70-574A-BFF2-9F8DDDB24A75}.Release|Win32.Build.0 = Release|Win32
		{97FDAB45-9C58-5BC5-A2F4-EE42739EBC63}.Debug|Win32.ActiveCfg = Debug|Win32
		{97FDAB45-9C58-5BC5-A2F4-EE42739EBC63}.Debug|Win32.Build.0 = Debug|Win32
		{97FDAB45-9C58-5BC5-A2F4-EE42739EBC63}.Release|Win32.ActiveCfg = Release|Win32
		{97FDAB45-9C58-5BC5-A2F4-EE42739EBC63}.Release|Win32.Build.0 = Release|Win32
		{87B42A9C-3F5C-53D7-9017-2B1CAE39457D}.Debug|Win32.ActiveCfg = Debug|Win32
		{87B42A9C-3F5C-53D7-9017-2B1CAE39457D}.Debug|Win32.Build.0 = Debug|Win32
		{87B42A9C-3F5C-53D7-9017-2B1CAE39457D}.Release|Win32.ActiveCfg = Release|Win32
		{87B42A9C-3F5C-53D7-9017-2B1CAE39457D}.Release|Win32.Build.0 = Release|Win32
		{7FB0902D-8579-5DCE-B883-DAF66A885005}.Debug|Win32.ActiveCfg = Debug|Win32
		{7FB0902D-8579-5DCE-B883-DAF66A885005}.Debug|Win32.Build.0 = Debug|Win32
		{7FB0902D-8579-5DCE-B883-DAF66A885005}.Release|Win32.ActiveCfg = Release|Win32
		{7FB0902D-8579-5DCE-B883-DAF66A885005}.Release|Win32.Build.0 = Release|Win32
		{3E6DCA27-5FA3-53EC-BBD6-2D42294B7AE6}.Debug|Win32.ActiveCfg = Debug|Win32
		{3E6DCA27-5FA3-53EC-BBD6-2D42294B7AE6}.Debug|Win32.Build.0 = Debug|Win32
		{3E6DCA27-5FA3-53EC-BBD6-2D42294B7AE6}.Release|Win32.ActiveCfg = Release|Win32
		{3E6DCA27-5FA3-53EC-BBD6-2D42294B7AE6}.Release|Win32.Build.0 = Release|Win32
		{09F2F96A-1CC6-5E43-AF1D-956EC2A4888D}.Debug|Win32.ActiveCfg = Debug|Win32
		{09F2F96A-1CC6-5E43-AF1D-956EC2A4888D}.Debug|Win32.Build.0 = Debug|Win32
		{09F2F96A-1CC6-5E43-AF1D-956EC2A4888D}.Release|Win32.ActiveCfg = Release|Win32
		{09F2F96A-1CC6-5E43-AF1D-956EC2A4888D}.Release|Win32.Build.0 = Release|Win32
		{853D1FD7-20AB-586C-9699-9680F84AC985}.Debug|Win32.ActiveCfg = Debug|Win32
		{853D1FD7-20AB-586C-9699-9680F84AC985}.Debug|Win32.Build.0 = Debug|Win32
		{853D1FD7-20AB-586C-9699-9680F84AC985}.Release|Win32.ActiveCfg = Release|Win32
		{853D1FD7-20AB-586C-9699-9680F84AC985}.Release|Win32.Build.0 = Release|Win32
		{FE52E435-A7EF-4576-AFA8-41DB45035834}.Debug|Win32.ActiveCfg = Debug|Win32
		{FE52E435-A7EF-4576-AFA8-41DB45035834}.Debug|Win32.Build.0 = Debug|Win32
		{FE52E435-A7EF-4576-AFA8-41DB45035834}.Release|Win32.ActiveCfg = Release|Win32
		{FE52E435-A7EF-4576-AFA8-41DB45035834}.Release|Win32.Build.0 = Release|Win32
		{F37084CC-8FC4-59F4-B769-CDFF8A384B67}.Debug|Win32.ActiveCfg = Debug|Win32
		{F37084CC-8FC4-59F4-B769-CDFF8A384B67}.Debug|Win32.Build.0 = Debug|Win32
		{F37084CC-8FC4-59F4-B769-CDFF8A384B67}.Release|Win32.ActiveCfg = Release|Win32
		{F37084CC-8FC4-59F4-B769-CDFF8A384B67}.Release|Win32.Build.0 = Release|Win32
		{DA8B15EF-6750-5928-BC0E-C748213CF9B2}.Debug|Win32.ActiveCfg = Debug|Win32
		{DA8B15EF-6750-5928-BC0E-C748213CF9B2}.Debug|Win32.Build.0 = Debug|Win32
		{DA8B15EF-6750-5928-BC0E-C748213CF9B2}.Release|Win32.ActiveCfg = Release|Win32
		{DA8B15EF-6750-5928-BC0E-C748213CF9B2}.Release|Win32.Build.0 = Release|Win32
		{33CC42F9-7756-5587-863C-8D4461B7C5DD}.Debug|Win32.ActiveCfg = Debug|Win32
		{33CC42F9-7756-5587-863C-8D4461B7C5DD}.Debug|Win32.Build.0 = Debug|Win32
		{33CC42F9-7756-5587-863C-8D4461B7C5DD}.Release|Win32.ActiveCfg = Release|Win32
		{33CC42F9-7756-5587-863C-8D4461B7C5DD}.Release|Win32.Build.0 = Release|Win32
		{69F2EDE4-7D21-5738-9BC0-F66F61C9AE00}.Debug|Win32.ActiveCfg = Debug|Win32
		{69F2EDE4-7D21-5738-9BC0-F66F61C9AE00}.Debug|Win32.Build.0 = Debug|Win32
		{69F2EDE4-7D21-5738-9BC0-F66F61C9AE00}.Release|Win32.ActiveCfg = Release|Win32
		{69F2EDE4-7D21-5738-9BC0-F66F61C9AE00}.Release|Win32.Build.0 = Release|Win32
		{E21129E0-7C08-5936-9D8C-0D60B5319BA7}.Debug|Win32.ActiveCfg = Debug|Win32
		{E21129E0-7C08-5936-9D8C-0D60B5319BA7}.Debug|Win32.Build.0 = Debug|Win32
		{E21129E0-7C08-5936-9D8C-0D60B5319BA7}.Release|Win32.ActiveCfg = Release|Win32
		{E21129E0-7C08-5936-9D8C-0D60B5319BA7}.Release|Win32.Build.0 = Release|Win32
		{23E1C437-A951-5943-8639-A17F3CF2E606}.Debug|Win32.ActiveCfg = Debug|Win32
		{23E1C437-A951-5943-8639-A17F3CF2E606}.Debug|Win32.Build.0 = Debug|Win32
		{23E1C437-A951-5943-8639-A17F3CF2E606}.Release|Win32.ActiveCfg = Release|Win32
		{23E1C437-A951-5943-8639-A17F3CF2E606}.Release|Win32.Build.0 = Release|Win32
		{A8E8442A-078A-5FC5-B495-8D71BA77EE6E}.Debug|Win32.ActiveCfg = Debug|Win32
		{A8E8442A-078A-5FC5-B495-8D71BA77EE6E}.Debug|Win32.Build.0 = Debug|Win32
		{A8E8442A-078A-5FC5-B495-8D71BA77EE6E}.Release|Win32.ActiveCfg = Release|Win32
		{A8E8442A-078A-5FC5-B495-8D71BA77EE6E}.Release|Win32.Build.0 = Release|Win32
		{A1A8355B-0988-528E-9CC2-B971D6266669}.Debug|Win32.ActiveCfg = Debug|Win32
		{A1A8355B-0988-528E-9CC2-B971D6266669}.Debug|Win32.Build.0 = Debug|Win32
		{A1A8355B-0988-528E-9CC2-B971D6266669}.Release|Win32.ActiveCfg = Release|Win32
		{A1A8355B-0988-528E-9CC2-B971D6266669}.Release|Win32.Build.0 = Release|Win32
		{6053CC38-CDEE-584C-8BC8-4B000D800FC7}.Debug|Win32.ActiveCfg = Debug|Win32
		{6053CC38-CDEE-584C-8BC8-4B000D800FC7}.Debug|Win32.Build.0 = Debug|Win32
		{6053CC38-CDEE-584C-8BC8-4B000D800FC7}.Release|Win32.ActiveCfg = Release|Win32
		{6053CC38-CDEE-584C-8BC8-4B000D800FC7}.Release|Win32.Build.0 = Release|Win32
		{8ACC122A-CA6A-5AA6-9C97-9CDD2E533DB0}.Debug|Win32.ActiveCfg = Debug|Win32
		{8ACC122A-CA6A-5AA6-9C97-9CDD2E533DB0}.Debug|Win32.Build.0 = Debug|Win32
		{8ACC122A-CA6A-5AA6-9C97-9CDD2E533DB0}.Release|Win32.ActiveCfg = Release|Win32
		{8ACC122A-CA6A-5AA6-9C97-9CDD2E533DB0}.Release|Win32.Build.0 = Release|Win32
		{56A4B526-BB81-5D01-AAA9-16D23BBB169D}.Debug|Win32.ActiveCfg = Debug|Win32
		{56A4B526-BB81-5D01-AAA9-16D23BBB169D}.Debug|Win32.Build.0 = Debug|Win32
		{56A4B526-BB81-5D01-AAA9-16D23BBB169D}.Release|Win32.ActiveCfg = Release|Win32
		{56A4B526-BB81-5D01-AAA9-16D23BBB169D}.Release|Win32.Build.0 = Release|Win32
		{74827EBD-93DC-5110-BA95-3F2AB029B6B0}.Debug|Win32.ActiveCfg = Debug|Win32
		{74827EBD-93DC-5110-BA95-3F2AB029B6B0}.Debug|Win32.Build.0 = Debug|Win32
		{74827EBD-93DC-5110-BA95-3F2AB029B6B0}.Release|Win32.ActiveCfg = Release|Win32
		{74827EBD-93DC-5110-BA95-3F2AB029B6B0}.Release|Win32.Build.0 = Release|Win32
		{75596CE6-5AE7-55C9-B890-C07B0A657A83}.Debug|Win32.ActiveCfg = Debug|Win32
		{75596CE6-5AE7-55C9-B890-C07B0A657A83}.Debug|Win32.Build.0 = Debug|Win32
		{75596CE6-5AE7-55C9-B890-C07B0A657A83}.Release|Win32.ActiveCfg = Release|Win32
		{75596CE6-5AE7-55C9-B890-C07B0A657A83}.Release|Win32.Build.0 = Release|Win32
		{8B867186-A0B5-5479-B824-E176EDD27C40}.Debug|Win32.ActiveCfg = Debug|Win32
		{8B867186-A0B5-5479-B824-E176EDD27C40}.Debug|Win32.Build.0 = Debug|Win32
		{8B867186-A0B5-5479-B824-E176EDD27C40}.Release|Win32.ActiveCfg = Release|Win32
		{8B867186-A0B5-5479-B824-E176EDD27C40}.Release|Win32.Build.0 = Release|Win32
		{680B6B6E-D55A-4B7B-AEC8-3838854F1802}.Debug|Win32.ActiveCfg = Debug|Win32
		{680B6B6E-D55A-4B7B-AEC8-3838854F1802}.Debug|Win32.Build.0 = Debug|Win32
		{680B6B6E-D55A-4B7B-AEC8-3838854F1802}.Release|Win32.ActiveCfg = Release|Win32
		{680B6B6E-D55A-4B7B-AEC8-3838854F1802}.Release|Win32.Build.0 = Release|Win32
		{6A964F2F-2D24-431E-B4BF-38A9D40E5DE5}.Debug|Win32.ActiveCfg = Debug|Win32
		{6A964F2F-2D24-431E-B4BF-38A9D40E5DE5}.Debug|Win32.Build.0 = Debug|Win32
		{6A964F2F-2D24-431E-B4BF-38A9D40E5DE5}.Release|Win32.ActiveCfg = Release|Win32
		{6A964F2F-2D24-431E-B4BF-38A9D40E5DE5}.Release|Win32.Build.0 = Release|Win32
	EndGlobalSection
	GlobalSection(SolutionProperties) = preSolution
		HideSolutionNode = FALSE
	EndGlobalSection
	GlobalSection(NestedProjects) = preSolution
		{3E03C179-8251-46E4-81F4-466F114BAC63} = {8B814174-883E-43D0-969E-3A17D8EDE080}
		{823DDC98-42D5-4A38-88CF-9DC06C788AE4} = {8B814174-883E-43D0-969E-3A17D8EDE080}
		{0008960E-E0DD-41A6-8265-00B31DDB4C21} = {8B814174-883E-43D0-969E-3A17D8EDE080}
		{7AEC599C-7C82-4F00-AA60-411E0A359CB0} = {8B814174-883E-43D0-969E-3A17D8EDE080}
		{81CE8DAF-EBB2-4761-8E45-B71ABCCA8C68} = {8B814174-883E-43D0-969E-3A17D8EDE080}
		{DA956FD3-E142-46F2-9DD5-C78BEBB56B7A} = {8B814174-883E-43D0-969E-3A17D8EDE080}
		{1B59202A-8BC2-4493-AC7A-7041E8F572DE} = {8B814174-883E-43D0-969E-3A17D8EDE080}
		{01F4CE10-2CFB-41A8-B41F-E54337868A1D} = {1B59202A-8BC2-4493-AC7A-7041E8F572DE}
		{24C45343-FD20-5C92-81C1-35A2AE841E79} = {1B59202A-8BC2-4493-AC7A-7041E8F572DE}
		{A16D3832-0F42-57CE-8F48-50E06649ADE8} = {1B59202A-8BC2-4493-AC7A-7041E8F572DE}
		{3FCC50C2-81E9-5DB2-B8D8-2129427568B1} = {1B59202A-8BC2-4493-AC7A-7041E8F572DE}
		{6744DAD8-9C70-574A-BFF2-9F8DDDB24A75} = {1B59202A-8BC2-4493-AC7A-7041E8F572DE}
		{97FDAB45-9C58-5BC5-A2F4-EE42739EBC63} = {1B59202A-8BC2-4493-AC7A-7041E8F572DE}
		{87B42A9C-3F5C-53D7-9017-2B1CAE39457D} = {1B59202A-8BC2-4493-AC7A-7041E8F572DE}
		{7FB0902D-8579-5DCE-B883-DAF66A885005} = {1B59202A-8BC2-4493-AC7A-7041E8F572DE}
		{3E6DCA27-5FA3-53EC-BBD6-2D42294B7AE6} = {1B59202A-8BC2-4493-AC7A-7041E8F572DE}
		{09F2F96A-1CC6-5E43-AF1D-956EC2A4888D} = {1B59202A-8BC2-4493-AC7A-7041E8F572DE}
		{FE52E435-A7EF-4576-AFA8-41DB45035834} = {8B814174-883E-43D0-969E-3A17D8EDE080}
		{F37084CC-8FC4-59F4-B769-CDFF8A384B67} = {1B59202A-8BC2-4493-AC7A-7041E8F572DE}
		{DA8B15EF-6750-5928-BC0E-C748213CF9B2} = {1B59202A-8BC2-4493-AC7A-7041E8F572DE}
		{33CC42F9-7756-5587-863C-8D4461B7C5DD} = {1B59202A-8BC2-4493-AC7A-7041E8F572DE}
		{69F2EDE4-7D21-5738-9BC0-F66F61C9AE00} = {1B59202A-8BC2-4493-AC7A-7041E8F572DE}
		{E21129E0-7C08-5936-9D8C-0D60B5319BA7} = {1B59202A-8BC2-4493-AC7A-7041E8F572DE}
		{23E1C437-A951-5943-8639-A17F3CF2E606} = {1B59202A-8BC2-4493-AC7A-7041E8F572DE}
		{A8E8442A-078A-5FC5-B495-8D71BA77EE6E} = {1B59202A-8BC2-4493-AC7A-7041E8F572DE}
		{A1A8355B-0988-528E-9CC2-B971D6266669} = {1B59202A-8BC2-4493-AC7A-7041E8F572DE}
		{6053CC38-CDEE-584C-8BC8-4B000D800FC7} = {1B59202A-8BC2-4493-AC7A-7041E8F572DE}
		{8ACC122A-CA6A-5AA6-9C97-9CDD2E533DB0} = {1B59202A-8BC2-4493-AC7A-7041E8F572DE}
		{56A4B526-BB81-5D01-AAA9-16D23BBB169D} = {1B59202A-8BC2-4493-AC7A-7041E8F572DE}
		{74827EBD-93DC-5110-BA95-3F2AB029B6B0} = {1B59202A-8BC2-4493-AC7A-7041E8F572DE}
		{75596CE6-5AE7-55C9-B890-C07B0A657A83} = {1B59202A-8BC2-4493-AC7A-7041E8F572DE}
		{8B867186-A0B5-5479-B824-E176EDD27C40} = {1B59202A-8BC2-4493-AC7A-7041E8F572DE}
		{680B6B6E-D55A-4B7B-AEC8-3838854F1802} = {8B814174-883E-43D0-969E-3A17D8EDE080}
		{6A964F2F-2D24-431E-B4BF-38A9D40E5DE5} = {8B814174-883E-43D0-969E-3A17D8EDE080}
	EndGlobalSection
EndGlobal
