<?xml version="1.0" encoding="utf-8"?>
<Project ToolsVersion="4.0" xmlns="http://schemas.microsoft.com/developer/msbuild/2003">
  <ItemGroup>
    <Filter Include="Documentation">
      <UniqueIdentifier>{f0c26c7f-e258-4a13-9c2d-a22ab5905334}</UniqueIdentifier>
    </Filter>
    <Filter Include="Core">
      <UniqueIdentifier>{a9a364ed-450b-4d5e-ae12-4ec20e672df4}</UniqueIdentifier>
    </Filter>
    <Filter Include="Core\GB">
      <UniqueIdentifier>{41a6e259-9654-4e9f-b41c-8a8eebab2155}</UniqueIdentifier>
    </Filter>
    <Filter Include="Core\GB APU">
      <UniqueIdentifier>{b73f8721-e525-47b0-bb29-bad7306bfeac}</UniqueIdentifier>
    </Filter>
    <Filter Include="Core\GBA">
      <UniqueIdentifier>{d6df8b89-50c6-42d7-ab82-20ed668b2db2}</UniqueIdentifier>
    </Filter>
    <Filter Include="Functionality">
      <UniqueIdentifier>{b9123fa0-e9e8-444a-a69c-82a2d3bee747}</UniqueIdentifier>
    </Filter>
    <Filter Include="Linking">
      <UniqueIdentifier>{ba70870a-3810-4e40-b6ab-49e438da80f9}</UniqueIdentifier>
    </Filter>
  </ItemGroup>
  <ItemGroup>
    <ClInclude Include="..\..\src\gb\gb.h">
      <Filter>Core\GB</Filter>
    </ClInclude>
    <ClInclude Include="..\..\src\gb\gbCheats.h">
      <Filter>Core\GB</Filter>
    </ClInclude>
    <ClInclude Include="..\..\src\gb\gbCodes.h">
      <Filter>Core\GB</Filter>
    </ClInclude>
    <ClInclude Include="..\..\src\gb\gbCodesCB.h">
      <Filter>Core\GB</Filter>
    </ClInclude>
    <ClInclude Include="..\..\src\gb\gbGlobals.h">
      <Filter>Core\GB</Filter>
    </ClInclude>
    <ClInclude Include="..\..\src\gb\gbMemory.h">
      <Filter>Core\GB</Filter>
    </ClInclude>
    <ClInclude Include="..\..\src\gb\gbPrinter.h">
      <Filter>Core\GB</Filter>
    </ClInclude>
    <ClInclude Include="..\..\src\gb\gbSGB.h">
      <Filter>Core\GB</Filter>
    </ClInclude>
    <ClInclude Include="..\..\src\gb\gbSound.h">
      <Filter>Core\GB</Filter>
    </ClInclude>
    <ClInclude Include="..\..\src\apu\blargg_common.h">
      <Filter>Core\GB APU</Filter>
    </ClInclude>
    <ClInclude Include="..\..\src\apu\blargg_config.h">
      <Filter>Core\GB APU</Filter>
    </ClInclude>
    <ClInclude Include="..\..\src\apu\blargg_source.h">
      <Filter>Core\GB APU</Filter>
    </ClInclude>
    <ClInclude Include="..\..\src\apu\Blip_Buffer.h">
      <Filter>Core\GB APU</Filter>
    </ClInclude>
    <ClInclude Include="..\..\src\apu\Effects_Buffer.h">
      <Filter>Core\GB APU</Filter>
    </ClInclude>
    <ClInclude Include="..\..\src\apu\Gb_Apu.h">
      <Filter>Core\GB APU</Filter>
    </ClInclude>
    <ClInclude Include="..\..\src\apu\Gb_Oscs.h">
      <Filter>Core\GB APU</Filter>
    </ClInclude>
    <ClInclude Include="..\..\src\apu\Multi_Buffer.h">
      <Filter>Core\GB APU</Filter>
    </ClInclude>
    <ClInclude Include="..\..\src\gba\agbprint.h">
      <Filter>Core\GBA</Filter>
    </ClInclude>
    <ClInclude Include="..\..\src\gba\bios.h">
      <Filter>Core\GBA</Filter>
    </ClInclude>
    <ClInclude Include="..\..\src\gba\BreakpointStructures.h">
      <Filter>Core\GBA</Filter>
    </ClInclude>
    <ClInclude Include="..\..\src\gba\debugger-expr-yacc.hpp">
      <Filter>Core\GBA</Filter>
    </ClInclude>
    <ClInclude Include="..\..\src\gba\EEprom.h">
      <Filter>Core\GBA</Filter>
    </ClInclude>
    <ClInclude Include="..\..\src\gba\elf.h">
      <Filter>Core\GBA</Filter>
    </ClInclude>
    <ClInclude Include="..\..\src\gba\ereader.h">
      <Filter>Core\GBA</Filter>
    </ClInclude>
    <ClInclude Include="..\..\src\gba\Flash.h">
      <Filter>Core\GBA</Filter>
    </ClInclude>
    <ClInclude Include="..\..\src\gba\gba.h">
      <Filter>Core\GBA</Filter>
    </ClInclude>
    <ClInclude Include="..\..\src\gba\GBAcpu.h">
      <Filter>Core\GBA</Filter>
    </ClInclude>
    <ClInclude Include="..\..\src\gba\gbagfx.h">
      <Filter>Core\GBA</Filter>
    </ClInclude>
    <ClInclude Include="..\..\src\gba\gbainline.h">
      <Filter>Core\GBA</Filter>
    </ClInclude>
    <ClInclude Include="..\..\src\gba\Globals.h">
      <Filter>Core\GBA</Filter>
    </ClInclude>
    <ClInclude Include="..\..\src\gba\RTC.h">
      <Filter>Core\GBA</Filter>
    </ClInclude>
    <ClInclude Include="..\..\src\gba\Sound.h">
      <Filter>Core\GBA</Filter>
    </ClInclude>
    <ClInclude Include="..\..\src\gba\Sram.h">
      <Filter>Core\GBA</Filter>
    </ClInclude>
    <ClInclude Include="..\..\src\gba\armdis.h">
      <Filter>Functionality</Filter>
    </ClInclude>
    <ClInclude Include="..\..\src\gba\Cheats.h">
      <Filter>Functionality</Filter>
    </ClInclude>
    <ClInclude Include="..\..\src\gba\CheatSearch.h">
      <Filter>Functionality</Filter>
    </ClInclude>
    <ClInclude Include="..\..\src\common\memgzio.h">
      <Filter>Functionality</Filter>
    </ClInclude>
    <ClInclude Include="..\..\src\NLS.h">
      <Filter>Functionality</Filter>
    </ClInclude>
    <ClInclude Include="..\..\src\common\Patch.h">
      <Filter>Functionality</Filter>
    </ClInclude>
    <ClInclude Include="..\..\src\common\Port.h">
      <Filter>Functionality</Filter>
    </ClInclude>
    <ClInclude Include="..\..\src\Util.h">
      <Filter>Functionality</Filter>
    </ClInclude>
    <ClInclude Include="..\..\src\version.h">
      <Filter>Functionality</Filter>
    </ClInclude>
    <ClInclude Include="..\..\src\gba\gbalink.h">
      <Filter>Linking</Filter>
    </ClInclude>
    <ClInclude Include="..\..\src\gba\GBASockClient.h">
      <Filter>Linking</Filter>
    </ClInclude>
    <ClInclude Include="..\..\src\common\ConfigManager.h">
      <Filter>Functionality</Filter>
    </ClInclude>
    <ClInclude Include="..\..\src\common\dictionary.h">
      <Filter>Functionality</Filter>
    </ClInclude>
    <ClInclude Include="..\..\src\common\iniparser.h">
      <Filter>Functionality</Filter>
    </ClInclude>
  </ItemGroup>
  <ItemGroup>
    <None Include="..\..\doc\DevInfo.txt">
      <Filter>Documentation</Filter>
    </None>
    <None Include="..\..\doc\License.txt">
      <Filter>Documentation</Filter>
    </None>
    <None Include="..\..\doc\ReadMe.MFC.txt">
      <Filter>Documentation</Filter>
    </None>
  </ItemGroup>
  <ItemGroup>
    <ClCompile Include="..\..\src\gb\gb.cpp">
      <Filter>Core\GB</Filter>
    </ClCompile>
    <ClCompile Include="..\..\src\gb\gbCheats.cpp">
      <Filter>Core\GB</Filter>
    </ClCompile>
    <ClCompile Include="..\..\src\gb\gbDis.cpp">
      <Filter>Core\GB</Filter>
    </ClCompile>
    <ClCompile Include="..\..\src\gb\gbGfx.cpp">
      <Filter>Core\GB</Filter>
    </ClCompile>
    <ClCompile Include="..\..\src\gb\gbGlobals.cpp">
      <Filter>Core\GB</Filter>
    </ClCompile>
    <ClCompile Include="..\..\src\gb\gbMemory.cpp">
      <Filter>Core\GB</Filter>
    </ClCompile>
    <ClCompile Include="..\..\src\gb\gbPrinter.cpp">
      <Filter>Core\GB</Filter>
    </ClCompile>
    <ClCompile Include="..\..\src\gb\gbSGB.cpp">
      <Filter>Core\GB</Filter>
    </ClCompile>
    <ClCompile Include="..\..\src\gb\gbSound.cpp">
      <Filter>Core\GB</Filter>
    </ClCompile>
    <ClCompile Include="..\..\src\apu\Blip_Buffer.cpp">
      <Filter>Core\GB APU</Filter>
    </ClCompile>
    <ClCompile Include="..\..\src\apu\Effects_Buffer.cpp">
      <Filter>Core\GB APU</Filter>
    </ClCompile>
    <ClCompile Include="..\..\src\apu\Gb_Apu.cpp">
      <Filter>Core\GB APU</Filter>
    </ClCompile>
    <ClCompile Include="..\..\src\apu\Gb_Apu_State.cpp">
      <Filter>Core\GB APU</Filter>
    </ClCompile>
    <ClCompile Include="..\..\src\apu\Gb_Oscs.cpp">
      <Filter>Core\GB APU</Filter>
    </ClCompile>
    <ClCompile Include="..\..\src\apu\Multi_Buffer.cpp">
      <Filter>Core\GB APU</Filter>
    </ClCompile>
    <ClCompile Include="..\..\src\gba\agbprint.cpp">
      <Filter>Core\GBA</Filter>
    </ClCompile>
    <ClCompile Include="..\..\src\gba\bios.cpp">
      <Filter>Core\GBA</Filter>
    </ClCompile>
    <ClCompile Include="..\..\src\gba\BreakpointStructures.cpp">
      <Filter>Core\GBA</Filter>
    </ClCompile>
    <ClCompile Include="..\..\src\gba\debugger-expr-lex.cpp">
      <Filter>Core\GBA</Filter>
    </ClCompile>
    <ClCompile Include="..\..\src\gba\debugger-expr-yacc.cpp">
      <Filter>Core\GBA</Filter>
    </ClCompile>
    <ClCompile Include="..\..\src\gba\EEprom.cpp">
      <Filter>Core\GBA</Filter>
    </ClCompile>
    <ClCompile Include="..\..\src\gba\elf.cpp">
      <Filter>Core\GBA</Filter>
    </ClCompile>
    <ClCompile Include="..\..\src\gba\ereader.cpp">
      <Filter>Core\GBA</Filter>
    </ClCompile>
    <ClCompile Include="..\..\src\gba\Flash.cpp">
      <Filter>Core\GBA</Filter>
    </ClCompile>
    <ClCompile Include="..\..\src\gba\gba-arm.cpp">
      <Filter>Core\GBA</Filter>
    </ClCompile>
    <ClCompile Include="..\..\src\gba\gba-thumb.cpp">
      <Filter>Core\GBA</Filter>
    </ClCompile>
    <ClCompile Include="..\..\src\gba\gba.cpp">
      <Filter>Core\GBA</Filter>
    </ClCompile>
    <ClCompile Include="..\..\src\gba\gbafilter.cpp">
      <Filter>Core\GBA</Filter>
    </ClCompile>
    <ClCompile Include="..\..\src\gba\gbagfx.cpp">
      <Filter>Core\GBA</Filter>
    </ClCompile>
    <ClCompile Include="..\..\src\gba\Globals.cpp">
      <Filter>Core\GBA</Filter>
    </ClCompile>
    <ClCompile Include="..\..\src\gba\Mode0.cpp">
      <Filter>Core\GBA</Filter>
    </ClCompile>
    <ClCompile Include="..\..\src\gba\Mode1.cpp">
      <Filter>Core\GBA</Filter>
    </ClCompile>
    <ClCompile Include="..\..\src\gba\Mode2.cpp">
      <Filter>Core\GBA</Filter>
    </ClCompile>
    <ClCompile Include="..\..\src\gba\Mode3.cpp">
      <Filter>Core\GBA</Filter>
    </ClCompile>
    <ClCompile Include="..\..\src\gba\Mode4.cpp">
      <Filter>Core\GBA</Filter>
    </ClCompile>
    <ClCompile Include="..\..\src\gba\Mode5.cpp">
      <Filter>Core\GBA</Filter>
    </ClCompile>
    <ClCompile Include="..\..\src\gba\remote.cpp">
      <Filter>Core\GBA</Filter>
    </ClCompile>
    <ClCompile Include="..\..\src\gba\RTC.cpp">
      <Filter>Core\GBA</Filter>
    </ClCompile>
    <ClCompile Include="..\..\src\gba\Sound.cpp">
      <Filter>Core\GBA</Filter>
    </ClCompile>
    <ClCompile Include="..\..\src\gba\Sram.cpp">
      <Filter>Core\GBA</Filter>
    </ClCompile>
    <ClCompile Include="..\..\src\gba\armdis.cpp">
      <Filter>Functionality</Filter>
    </ClCompile>
    <ClCompile Include="..\..\src\gba\Cheats.cpp">
      <Filter>Functionality</Filter>
    </ClCompile>
    <ClCompile Include="..\..\src\gba\CheatSearch.cpp">
      <Filter>Functionality</Filter>
    </ClCompile>
    <ClCompile Include="..\..\src\common\memgzio.c">
      <Filter>Functionality</Filter>
    </ClCompile>
    <ClCompile Include="..\..\src\common\Patch.cpp">
      <Filter>Functionality</Filter>
    </ClCompile>
    <ClCompile Include="..\..\src\Util.cpp">
      <Filter>Functionality</Filter>
    </ClCompile>
    <ClCompile Include="..\..\src\gba\gbalink.cpp">
      <Filter>Linking</Filter>
    </ClCompile>
    <ClCompile Include="..\..\src\gba\GBASockClient.cpp">
      <Filter>Linking</Filter>
    </ClCompile>
    <ClCompile Include="..\..\src\common\ConfigManager.cpp">
      <Filter>Functionality</Filter>
    </ClCompile>
    <ClCompile Include="..\..\src\common\iniparser.c">
      <Filter>Functionality</Filter>
    </ClCompile>
    <ClCompile Include="..\..\src\common\dictionary.c">
      <Filter>Functionality</Filter>
    </ClCompile>
  </ItemGroup>
</Project>