<?xml version="1.0" encoding="utf-8"?>
<Project ToolsVersion="4.0" xmlns="http://schemas.microsoft.com/developer/msbuild/2003">
  <ItemGroup>
    <Filter Include="Resource">
      <UniqueIdentifier>{67DA6AB6-F800-4c08-8B7A-83BB121AAD01}</UniqueIdentifier>
      <Extensions>rc;ico;cur;bmp;dlg;rc2;rct;bin;rgs;gif;jpg;jpeg;jpe;resx</Extensions>
    </Filter>
    <Filter Include="Pixel Filter">
      <UniqueIdentifier>{6a743a87-48d3-4e7a-ab79-7fb51e1ce173}</UniqueIdentifier>
    </Filter>
    <Filter Include="Pixel Filter\HQ">
      <UniqueIdentifier>{b20dd5ab-a733-4ee9-a294-13ce221a09ba}</UniqueIdentifier>
    </Filter>
    <Filter Include="Pixel Filter\HQ\3x_4x_asm">
      <UniqueIdentifier>{443f5282-9e21-46cb-b187-746986699f99}</UniqueIdentifier>
    </Filter>
    <Filter Include="Pixel Filter\xBRZ">
      <UniqueIdentifier>{5ab58341-15e1-499c-9fee-7695e1a98161}</UniqueIdentifier>
    </Filter>
    <Filter Include="Main">
      <UniqueIdentifier>{8b031169-88b8-4924-a1ee-ff59ff441b42}</UniqueIdentifier>
    </Filter>
  </ItemGroup>
  <ItemGroup>
    <ClInclude Include="..\..\src\win32\resource.h">
      <Filter>Resource</Filter>
    </ClInclude>
    <ClInclude Include="..\..\src\filters\hq2x.h">
      <Filter>Pixel Filter\HQ</Filter>
    </ClInclude>
    <ClInclude Include="..\..\src\filters\interp.h">
      <Filter>Pixel Filter\HQ</Filter>
    </ClInclude>
    <ClInclude Include="..\..\src\filters\lq2x.h">
      <Filter>Pixel Filter\HQ</Filter>
    </ClInclude>
    <ClInclude Include="..\..\src\filters\xBRZ\xbrz.h">
      <Filter>Pixel Filter\xBRZ</Filter>
    </ClInclude>
    <ClInclude Include="..\..\src\filters\xBRZ\config.h">
      <Filter>Pixel Filter\xBRZ</Filter>
    </ClInclude>
    <ClInclude Include="..\..\src\System.h">
      <Filter>Main</Filter>
    </ClInclude>
  </ItemGroup>
  <ItemGroup>
    <None Include="..\..\src\win32\res\VBA.ico">
      <Filter>Resource</Filter>
    </None>
    <None Include="..\..\src\win32\res\VBA.rc2">
      <Filter>Resource</Filter>
    </None>
    <None Include="..\..\src\filters\hq\asm\macros.mac">
      <Filter>Pixel Filter\HQ\3x_4x_asm</Filter>
    </None>
  </ItemGroup>
  <ItemGroup>
    <ResourceCompile Include="..\..\src\win32\VBA.rc">
      <Filter>Resource</Filter>
    </ResourceCompile>
  </ItemGroup>
  <ItemGroup>
    <ClCompile Include="..\..\src\filters\2xSaI.cpp">
      <Filter>Pixel Filter</Filter>
    </ClCompile>
    <ClCompile Include="..\..\src\filters\admame.cpp">
      <Filter>Pixel Filter</Filter>
    </ClCompile>
    <ClCompile Include="..\..\src\filters\bilinear.cpp">
      <Filter>Pixel Filter</Filter>
    </ClCompile>
    <ClCompile Include="..\..\src\filters\interframe.cpp">
      <Filter>Pixel Filter</Filter>
    </ClCompile>
    <ClCompile Include="..\..\src\filters\pixel.cpp">
      <Filter>Pixel Filter</Filter>
    </ClCompile>
    <ClCompile Include="..\..\src\filters\scanline.cpp">
      <Filter>Pixel Filter</Filter>
    </ClCompile>
    <ClCompile Include="..\..\src\filters\simpleFilter.cpp">
      <Filter>Pixel Filter</Filter>
    </ClCompile>
    <ClCompile Include="..\..\src\filters\hq2x.cpp">
      <Filter>Pixel Filter\HQ</Filter>
    </ClCompile>
    <ClCompile Include="..\..\src\filters\hq\asm\hq3x32.cpp">
      <Filter>Pixel Filter\HQ\3x_4x_asm</Filter>
    </ClCompile>
    <ClCompile Include="..\..\src\filters\xBRZ\xbrz.cpp">
      <Filter>Pixel Filter\xBRZ</Filter>
    </ClCompile>
    <ClCompile Include="..\..\src\filters\xbrzfilter.cpp">
      <Filter>Pixel Filter\xBRZ</Filter>
    </ClCompile>
    <ClCompile Include="..\..\src\common\SoundSDL.cpp">
      <Filter>Main</Filter>
    </ClCompile>
    <ClCompile Include="..\..\src\sdl\inputSDL.cpp">
      <Filter>Main</Filter>
    </ClCompile>
    <ClCompile Include="..\..\src\sdl\filters.cpp">
      <Filter>Main</Filter>
    </ClCompile>
    <ClCompile Include="..\..\src\sdl\text.cpp">
      <Filter>Main</Filter>
    </ClCompile>
    <ClCompile Include="..\..\dependencies\msvc\getopt.c">
      <Filter>Main</Filter>
    </ClCompile>
    <ClCompile Include="..\..\src\sdl\SDL.cpp">
      <Filter>Main</Filter>
    </ClCompile>
  </ItemGroup>
  <ItemGroup>
    <NASM Include="..\..\src\filters\2xSaImmx.asm">
      <Filter>Pixel Filter</Filter>
    </NASM>
    <NASM Include="..\..\src\filters\hq\asm\hq3x_16.asm">
      <Filter>Pixel Filter\HQ\3x_4x_asm</Filter>
    </NASM>
    <NASM Include="..\..\src\filters\hq\asm\hq3x_32.asm">
      <Filter>Pixel Filter\HQ\3x_4x_asm</Filter>
    </NASM>
    <NASM Include="..\..\src\filters\hq\asm\hq4x_16.asm">
      <Filter>Pixel Filter\HQ\3x_4x_asm</Filter>
    </NASM>
    <NASM Include="..\..\src\filters\hq\asm\hq4x_32.asm">
      <Filter>Pixel Filter\HQ\3x_4x_asm</Filter>
    </NASM>
  </ItemGroup>
</Project>