Microsoft Visual Studio Solution File, Format Version 9.00
# Visual Studio 2005
Project("{8BC9CEB8-8B4A-11D0-8D11-00A0C91BC942}") = "VisualBoyAdvance", "VBA.vcproj", "{6D4C5EC8-933F-4C05-A1BF-498E658576DF}"
	ProjectSection(ProjectDependencies) = postProject
		{B938FBD9-C7F9-4BF7-8C27-68865D1FA092} = {B938FBD9-C7F9-4BF7-8C27-68865D1FA092}
		{96E945F7-0377-48DA-A5F8-1C192DE9F25F} = {96E945F7-0377-48DA-A5F8-1C192DE9F25F}
	EndProjectSection
EndProject
Project("{8BC9CEB8-8B4A-11D0-8D11-00A0C91BC942}") = "zlib", "src\win32\dependencies\zlib\zlib.vcproj", "{B938FBD9-C7F9-4BF7-8C27-68865D1FA092}"
EndProject
Project("{8BC9CEB8-8B4A-11D0-8D11-00A0C91BC942}") = "libpng", "src\win32\dependencies\libpng\libpng.vcproj", "{96E945F7-0377-48DA-A5F8-1C192DE9F25F}"
EndProject
Global
	GlobalSection(SolutionConfigurationPlatforms) = preSolution
		Debug|Win32 = Debug|Win32
		Optimized|Win32 = Optimized|Win32
		Release|Win32 = Release|Win32
	EndGlobalSection
	GlobalSection(ProjectConfigurationPlatforms) = postSolution
		{6D4C5EC8-933F-4C05-A1BF-498E658576DF}.Debug|Win32.ActiveCfg = Debug|Win32
		{6D4C5EC8-933F-4C05-A1BF-498E658576DF}.Debug|Win32.Build.0 = Debug|Win32
		{6D4C5EC8-933F-4C05-A1BF-498E658576DF}.Optimized|Win32.ActiveCfg = Optimized|Win32
		{6D4C5EC8-933F-4C05-A1BF-498E658576DF}.Optimized|Win32.Build.0 = Optimized|Win32
		{6D4C5EC8-933F-4C05-A1BF-498E658576DF}.Release|Win32.ActiveCfg = Release|Win32
		{6D4C5EC8-933F-4C05-A1BF-498E658576DF}.Release|Win32.Build.0 = Release|Win32
		{B938FBD9-C7F9-4BF7-8C27-68865D1FA092}.Debug|Win32.ActiveCfg = Debug|Win32
		{B938FBD9-C7F9-4BF7-8C27-68865D1FA092}.Debug|Win32.Build.0 = Debug|Win32
		{B938FBD9-C7F9-4BF7-8C27-68865D1FA092}.Optimized|Win32.ActiveCfg = Release|Win32
		{B938FBD9-C7F9-4BF7-8C27-68865D1FA092}.Optimized|Win32.Build.0 = Release|Win32
		{B938FBD9-C7F9-4BF7-8C27-68865D1FA092}.Release|Win32.ActiveCfg = Release|Win32
		{B938FBD9-C7F9-4BF7-8C27-68865D1FA092}.Release|Win32.Build.0 = Release|Win32
		{96E945F7-0377-48DA-A5F8-1C192DE9F25F}.Debug|Win32.ActiveCfg = Debug|Win32
		{96E945F7-0377-48DA-A5F8-1C192DE9F25F}.Debug|Win32.Build.0 = Debug|Win32
		{96E945F7-0377-48DA-A5F8-1C192DE9F25F}.Optimized|Win32.ActiveCfg = Release|Win32
		{96E945F7-0377-48DA-A5F8-1C192DE9F25F}.Optimized|Win32.Build.0 = Release|Win32
		{96E945F7-0377-48DA-A5F8-1C192DE9F25F}.Release|Win32.ActiveCfg = Release|Win32
		{96E945F7-0377-48DA-A5F8-1C192DE9F25F}.Release|Win32.Build.0 = Release|Win32
	EndGlobalSection
	GlobalSection(SolutionProperties) = preSolution
		HideSolutionNode = FALSE
	EndGlobalSection
EndGlobal
