Microsoft Visual Studio Solution File, Format Version 9.00
# Visual Studio 2005
Project("{8BC9CEB8-8B4A-11D0-8D11-00A0C91BC942}") = "VisualBoyAdvance", "VBA.vcproj", "{6D4C5EC8-933F-4C05-A1BF-498E658576DF}"
	ProjectSection(ProjectDependencies) = postProject
		{664BE444-CCED-4C81-9724-7057ECBAAC82} = {664BE444-CCED-4C81-9724-7057ECBAAC82}
		{34DC39BF-F93A-4573-85BF-789B90B63179} = {34DC39BF-F93A-4573-85BF-789B90B63179}
	EndProjectSection
EndProject
Project("{8BC9CEB8-8B4A-11D0-8D11-00A0C91BC942}") = "zlib", "zlib\zlib.vcproj", "{34DC39BF-F93A-4573-85BF-789B90B63179}"
EndProject
Project("{8BC9CEB8-8B4A-11D0-8D11-00A0C91BC942}") = "libpng", "libpng\libpng.vcproj", "{664BE444-CCED-4C81-9724-7057ECBAAC82}"
	ProjectSection(ProjectDependencies) = postProject
		{34DC39BF-F93A-4573-85BF-789B90B63179} = {34DC39BF-F93A-4573-85BF-789B90B63179}
	EndProjectSection
EndProject
Global
	GlobalSection(SolutionConfigurationPlatforms) = preSolution
		Debug|Win32 = Debug|Win32
		Optimized|Win32 = Optimized|Win32
		Release|Win32 = Release|Win32
	EndGlobalSection
	GlobalSection(ProjectConfigurationPlatforms) = postSolution
		{6D4C5EC8-933F-4C05-A1BF-498E658576DF}.Debug|Win32.ActiveCfg = Debug|Win32
		{6D4C5EC8-933F-4C05-A1BF-498E658576DF}.Debug|Win32.Build.0 = Debug|Win32
		{6D4C5EC8-933F-4C05-A1BF-498E658576DF}.Optimized|Win32.ActiveCfg = Optimized|Win32
		{6D4C5EC8-933F-4C05-A1BF-498E658576DF}.Optimized|Win32.Build.0 = Optimized|Win32
		{6D4C5EC8-933F-4C05-A1BF-498E658576DF}.Release|Win32.ActiveCfg = Release|Win32
		{6D4C5EC8-933F-4C05-A1BF-498E658576DF}.Release|Win32.Build.0 = Release|Win32
		{34DC39BF-F93A-4573-85BF-789B90B63179}.Debug|Win32.ActiveCfg = Debug|Win32
		{34DC39BF-F93A-4573-85BF-789B90B63179}.Debug|Win32.Build.0 = Debug|Win32
		{34DC39BF-F93A-4573-85BF-789B90B63179}.Optimized|Win32.ActiveCfg = Release|Win32
		{34DC39BF-F93A-4573-85BF-789B90B63179}.Optimized|Win32.Build.0 = Release|Win32
		{34DC39BF-F93A-4573-85BF-789B90B63179}.Release|Win32.ActiveCfg = Release|Win32
		{34DC39BF-F93A-4573-85BF-789B90B63179}.Release|Win32.Build.0 = Release|Win32
		{664BE444-CCED-4C81-9724-7057ECBAAC82}.Debug|Win32.ActiveCfg = Debug|Win32
		{664BE444-CCED-4C81-9724-7057ECBAAC82}.Debug|Win32.Build.0 = Debug|Win32
		{664BE444-CCED-4C81-9724-7057ECBAAC82}.Optimized|Win32.ActiveCfg = Release|Win32
		{664BE444-CCED-4C81-9724-7057ECBAAC82}.Optimized|Win32.Build.0 = Release|Win32
		{664BE444-CCED-4C81-9724-7057ECBAAC82}.Release|Win32.ActiveCfg = Release|Win32
		{664BE444-CCED-4C81-9724-7057ECBAAC82}.Release|Win32.Build.0 = Release|Win32
	EndGlobalSection
	GlobalSection(SolutionProperties) = preSolution
		HideSolutionNode = FALSE
	EndGlobalSection
EndGlobal
