Microsoft Visual Studio Solution File, Format Version 9.00
# Visual Studio 2005
Project("{8BC9CEB8-8B4A-11D0-8D11-00A0C91BC942}") = "VisualBoyAdvance", "VBA.vcproj", "{6D4C5EC8-933F-4C05-A1BF-498E658576DF}"
	ProjectSection(ProjectDependencies) = postProject
		{DB5C12E9-BCD3-4517-8708-475C0D1D88CE} = {DB5C12E9-BCD3-4517-8708-475C0D1D88CE}
	EndProjectSection
EndProject
Project("{8BC9CEB8-8B4A-11D0-8D11-00A0C91BC942}") = "cximage", "src\win32\dependencies\cximage\cximage.vcproj", "{DB5C12E9-BCD3-4517-8708-475C0D1D88CE}"
EndProject
Global
	GlobalSection(SolutionConfigurationPlatforms) = preSolution
		Debug|Win32 = Debug|Win32
		Optimized|Win32 = Optimized|Win32
		Release|Win32 = Release|Win32
	EndGlobalSection
	GlobalSection(ProjectConfigurationPlatforms) = postSolution
		{6D4C5EC8-933F-4C05-A1BF-498E658576DF}.Debug|Win32.ActiveCfg = Debug|Win32
		{6D4C5EC8-933F-4C05-A1BF-498E658576DF}.Debug|Win32.Build.0 = Debug|Win32
		{6D4C5EC8-933F-4C05-A1BF-498E658576DF}.Optimized|Win32.ActiveCfg = Optimized|Win32
		{6D4C5EC8-933F-4C05-A1BF-498E658576DF}.Optimized|Win32.Build.0 = Optimized|Win32
		{6D4C5EC8-933F-4C05-A1BF-498E658576DF}.Release|Win32.ActiveCfg = Release|Win32
		{6D4C5EC8-933F-4C05-A1BF-498E658576DF}.Release|Win32.Build.0 = Release|Win32
		{DB5C12E9-BCD3-4517-8708-475C0D1D88CE}.Debug|Win32.ActiveCfg = Debug|Win32
		{DB5C12E9-BCD3-4517-8708-475C0D1D88CE}.Debug|Win32.Build.0 = Debug|Win32
		{DB5C12E9-BCD3-4517-8708-475C0D1D88CE}.Optimized|Win32.ActiveCfg = Release|Win32
		{DB5C12E9-BCD3-4517-8708-475C0D1D88CE}.Optimized|Win32.Build.0 = Release|Win32
		{DB5C12E9-BCD3-4517-8708-475C0D1D88CE}.Release|Win32.ActiveCfg = Release|Win32
		{DB5C12E9-BCD3-4517-8708-475C0D1D88CE}.Release|Win32.Build.0 = Release|Win32
	EndGlobalSection
	GlobalSection(SolutionProperties) = preSolution
		HideSolutionNode = FALSE
	EndGlobalSection
EndGlobal
