
Microsoft Visual Studio Solution File, Format Version 11.00
# Visual Studio 2010
Project("{8BC9CEB8-8B4A-11D0-8D11-00A0C91BC942}") = "msvc-2010", "msvc-2010/msvc-2010.vcxproj", "{C461207F-8F4F-4BFB-A90D-25298F37B47D}"
EndProject
Global
	GlobalSection(SolutionConfigurationPlatforms) = preSolution
		Debug|Win32 = Debug|Win32
		Release|Win32 = Release|Win32
	EndGlobalSection
	GlobalSection(ProjectConfigurationPlatforms) = postSolution
		{C461207F-8F4F-4BFB-A90D-25298F37B47D}.Debug|Win32.ActiveCfg = Debug|Win32
		{C461207F-8F4F-4BFB-A90D-25298F37B47D}.Debug|Win32.Build.0 = Debug|Win32
		{C461207F-8F4F-4BFB-A90D-25298F37B47D}.Release|Win32.ActiveCfg = Release|Win32
		{C461207F-8F4F-4BFB-A90D-25298F37B47D}.Release|Win32.Build.0 = Release|Win32
	EndGlobalSection
	GlobalSection(SolutionProperties) = preSolution
		HideSolutionNode = FALSE
	EndGlobalSection
EndGlobal
