
Microsoft Visual Studio Solution File, Format Version 9.00
# Visual Studio 2005
Project("{8BC9CEB8-8B4A-11D0-8D11-00A0C91BC942}") = "vba_vs2005", "vba_vs2005.vcproj", "{EAD25A86-E6DB-4258-8875-197930F28F6A}"
	ProjectSection(ProjectDependencies) = postProject
		{B938FBD9-C7F9-4BF7-8C27-68865D1FA092} = {B938FBD9-C7F9-4BF7-8C27-68865D1FA092}
		{DB5C12E9-BCD3-4517-8708-475C0D1D88CE} = {DB5C12E9-BCD3-4517-8708-475C0D1D88CE}
		{96E945F7-0377-48DA-A5F8-1C192DE9F25F} = {96E945F7-0377-48DA-A5F8-1C192DE9F25F}
	EndProjectSection
EndProject
Project("{8BC9CEB8-8B4A-11D0-8D11-00A0C91BC942}") = "zlib", "dependencies\zlib\zlib.vcproj", "{B938FBD9-C7F9-4BF7-8C27-68865D1FA092}"
EndProject
Project("{8BC9CEB8-8B4A-11D0-8D11-00A0C91BC942}") = "libpng", "dependencies\libpng\libpng.vcproj", "{96E945F7-0377-48DA-A5F8-1C192DE9F25F}"
	ProjectSection(ProjectDependencies) = postProject
		{B938FBD9-C7F9-4BF7-8C27-68865D1FA092} = {B938FBD9-C7F9-4BF7-8C27-68865D1FA092}
	EndProjectSection
EndProject
Project("{8BC9CEB8-8B4A-11D0-8D11-00A0C91BC942}") = "cximage", "dependencies\cximage\cximage.vcproj", "{DB5C12E9-BCD3-4517-8708-475C0D1D88CE}"
EndProject
Global
	GlobalSection(SolutionConfigurationPlatforms) = preSolution
		MFC_Debug|Win32 = MFC_Debug|Win32
		MFC_Release|Win32 = MFC_Release|Win32
		SDL_Debug|Win32 = SDL_Debug|Win32
		SDL_Release|Win32 = SDL_Release|Win32
	EndGlobalSection
	GlobalSection(ProjectConfigurationPlatforms) = postSolution
		{EAD25A86-E6DB-4258-8875-197930F28F6A}.MFC_Debug|Win32.ActiveCfg = MFC_Debug|Win32
		{EAD25A86-E6DB-4258-8875-197930F28F6A}.MFC_Debug|Win32.Build.0 = MFC_Debug|Win32
		{EAD25A86-E6DB-4258-8875-197930F28F6A}.MFC_Release|Win32.ActiveCfg = MFC_Release|Win32
		{EAD25A86-E6DB-4258-8875-197930F28F6A}.MFC_Release|Win32.Build.0 = MFC_Release|Win32
		{EAD25A86-E6DB-4258-8875-197930F28F6A}.SDL_Debug|Win32.ActiveCfg = SDL_Debug|Win32
		{EAD25A86-E6DB-4258-8875-197930F28F6A}.SDL_Debug|Win32.Build.0 = SDL_Debug|Win32
		{EAD25A86-E6DB-4258-8875-197930F28F6A}.SDL_Release|Win32.ActiveCfg = SDL_Release|Win32
		{EAD25A86-E6DB-4258-8875-197930F28F6A}.SDL_Release|Win32.Build.0 = SDL_Release|Win32
		{B938FBD9-C7F9-4BF7-8C27-68865D1FA092}.MFC_Debug|Win32.ActiveCfg = Debug|Win32
		{B938FBD9-C7F9-4BF7-8C27-68865D1FA092}.MFC_Debug|Win32.Build.0 = Debug|Win32
		{B938FBD9-C7F9-4BF7-8C27-68865D1FA092}.MFC_Release|Win32.ActiveCfg = Release|Win32
		{B938FBD9-C7F9-4BF7-8C27-68865D1FA092}.MFC_Release|Win32.Build.0 = Release|Win32
		{B938FBD9-C7F9-4BF7-8C27-68865D1FA092}.SDL_Debug|Win32.ActiveCfg = Debug|Win32
		{B938FBD9-C7F9-4BF7-8C27-68865D1FA092}.SDL_Debug|Win32.Build.0 = Debug|Win32
		{B938FBD9-C7F9-4BF7-8C27-68865D1FA092}.SDL_Release|Win32.ActiveCfg = Release|Win32
		{B938FBD9-C7F9-4BF7-8C27-68865D1FA092}.SDL_Release|Win32.Build.0 = Release|Win32
		{96E945F7-0377-48DA-A5F8-1C192DE9F25F}.MFC_Debug|Win32.ActiveCfg = Debug|Win32
		{96E945F7-0377-48DA-A5F8-1C192DE9F25F}.MFC_Debug|Win32.Build.0 = Debug|Win32
		{96E945F7-0377-48DA-A5F8-1C192DE9F25F}.MFC_Release|Win32.ActiveCfg = Release|Win32
		{96E945F7-0377-48DA-A5F8-1C192DE9F25F}.MFC_Release|Win32.Build.0 = Release|Win32
		{96E945F7-0377-48DA-A5F8-1C192DE9F25F}.SDL_Debug|Win32.ActiveCfg = Debug|Win32
		{96E945F7-0377-48DA-A5F8-1C192DE9F25F}.SDL_Debug|Win32.Build.0 = Debug|Win32
		{96E945F7-0377-48DA-A5F8-1C192DE9F25F}.SDL_Release|Win32.ActiveCfg = Release|Win32
		{96E945F7-0377-48DA-A5F8-1C192DE9F25F}.SDL_Release|Win32.Build.0 = Release|Win32
		{DB5C12E9-BCD3-4517-8708-475C0D1D88CE}.MFC_Debug|Win32.ActiveCfg = Debug|Win32
		{DB5C12E9-BCD3-4517-8708-475C0D1D88CE}.MFC_Debug|Win32.Build.0 = Debug|Win32
		{DB5C12E9-BCD3-4517-8708-475C0D1D88CE}.MFC_Release|Win32.ActiveCfg = Release|Win32
		{DB5C12E9-BCD3-4517-8708-475C0D1D88CE}.MFC_Release|Win32.Build.0 = Release|Win32
		{DB5C12E9-BCD3-4517-8708-475C0D1D88CE}.SDL_Debug|Win32.ActiveCfg = Debug|Win32
		{DB5C12E9-BCD3-4517-8708-475C0D1D88CE}.SDL_Debug|Win32.Build.0 = Debug|Win32
		{DB5C12E9-BCD3-4517-8708-475C0D1D88CE}.SDL_Release|Win32.ActiveCfg = Release|Win32
		{DB5C12E9-BCD3-4517-8708-475C0D1D88CE}.SDL_Release|Win32.Build.0 = Release|Win32
	EndGlobalSection
	GlobalSection(SolutionProperties) = preSolution
		HideSolutionNode = FALSE
	EndGlobalSection
	GlobalSection(ExtensibilityGlobals) = postSolution
		AMDCaProjectFile = 
	EndGlobalSection
EndGlobal
