
Microsoft Visual Studio Solution File, Format Version 10.00
# Visual C++ Express 2008
Project("{8BC9CEB8-8B4A-11D0-8D11-00A0C91BC942}") = "vba-m", "vba-m.vcproj", "{714B3EF3-5D43-421F-A97E-447540E7C137}"
EndProject
Global
	GlobalSection(SolutionConfigurationPlatforms) = preSolution
		debug|Win32 = debug|Win32
		release|Win32 = release|Win32
	EndGlobalSection
	GlobalSection(ProjectConfigurationPlatforms) = postSolution
		{714B3EF3-5D43-421F-A97E-447540E7C137}.debug|Win32.ActiveCfg = debug|Win32
		{714B3EF3-5D43-421F-A97E-447540E7C137}.debug|Win32.Build.0 = debug|Win32
		{714B3EF3-5D43-421F-A97E-447540E7C137}.release|Win32.ActiveCfg = release|Win32
		{714B3EF3-5D43-421F-A97E-447540E7C137}.release|Win32.Build.0 = release|Win32
	EndGlobalSection
	GlobalSection(SolutionProperties) = preSolution
		HideSolutionNode = FALSE
	EndGlobalSection
EndGlobal
