<?xml version="1.0" encoding="utf-8"?>
<Project ToolsVersion="4.0" xmlns="http://schemas.microsoft.com/developer/msbuild/2003">
  <ItemGroup>
    <Filter Include="7z">
      <UniqueIdentifier>{389faf79-0326-47e9-957c-9a482f94e2e2}</UniqueIdentifier>
    </Filter>
    <Filter Include="7z\Archive">
      <UniqueIdentifier>{9e671547-6550-414c-8170-a013093aafe7}</UniqueIdentifier>
    </Filter>
    <Filter Include="7z\Compress">
      <UniqueIdentifier>{9a0c91a6-c1ce-4a79-94d6-2459b4171bff}</UniqueIdentifier>
    </Filter>
    <Filter Include="fex">
      <UniqueIdentifier>{e99e7ce7-b7cb-42d2-8e89-e2005d013c0e}</UniqueIdentifier>
    </Filter>
  </ItemGroup>
  <ItemGroup>
    <ClCompile Include="7z_C\7zCrc.c">
      <Filter>7z</Filter>
    </ClCompile>
    <ClCompile Include="7z_C\Alloc.c">
      <Filter>7z</Filter>
    </ClCompile>
    <ClCompile Include="7z_C\Archive\7z\7zAlloc.c">
      <Filter>7z\Archive</Filter>
    </ClCompile>
    <ClCompile Include="7z_C\Archive\7z\7zBuffer.c">
      <Filter>7z\Archive</Filter>
    </ClCompile>
    <ClCompile Include="7z_C\Archive\7z\7zDecode.c">
      <Filter>7z\Archive</Filter>
    </ClCompile>
    <ClCompile Include="7z_C\Archive\7z\7zExtract.c">
      <Filter>7z\Archive</Filter>
    </ClCompile>
    <ClCompile Include="7z_C\Archive\7z\7zHeader.c">
      <Filter>7z\Archive</Filter>
    </ClCompile>
    <ClCompile Include="7z_C\Archive\7z\7zIn.c">
      <Filter>7z\Archive</Filter>
    </ClCompile>
    <ClCompile Include="7z_C\Archive\7z\7zItem.c">
      <Filter>7z\Archive</Filter>
    </ClCompile>
    <ClCompile Include="7z_C\Archive\7z\7zMethodID.c">
      <Filter>7z\Archive</Filter>
    </ClCompile>
    <ClCompile Include="7z_C\Compress\Branch\BranchX86.c">
      <Filter>7z\Compress</Filter>
    </ClCompile>
    <ClCompile Include="7z_C\Compress\Branch\BranchX86_2.c">
      <Filter>7z\Compress</Filter>
    </ClCompile>
    <ClCompile Include="7z_C\Compress\Lzma\LzmaDecode.c">
      <Filter>7z\Compress</Filter>
    </ClCompile>
    <ClCompile Include="fex\abstract_file.cpp">
      <Filter>fex</Filter>
    </ClCompile>
    <ClCompile Include="fex\Data_Reader.cpp">
      <Filter>fex</Filter>
    </ClCompile>
    <ClCompile Include="fex\fex.cpp">
      <Filter>fex</Filter>
    </ClCompile>
    <ClCompile Include="fex\File_Extractor.cpp">
      <Filter>fex</Filter>
    </ClCompile>
    <ClCompile Include="fex\Gzip_Reader.cpp">
      <Filter>fex</Filter>
    </ClCompile>
    <ClCompile Include="fex\Single_File_Extractor.cpp">
      <Filter>fex</Filter>
    </ClCompile>
    <ClCompile Include="fex\unzip.cpp">
      <Filter>fex</Filter>
    </ClCompile>
    <ClCompile Include="fex\Zip7_Extractor.cpp">
      <Filter>fex</Filter>
    </ClCompile>
    <ClCompile Include="fex\Zip_Extractor.cpp">
      <Filter>fex</Filter>
    </ClCompile>
    <ClCompile Include="fex\Zlib_Inflater.cpp">
      <Filter>fex</Filter>
    </ClCompile>
  </ItemGroup>
  <ItemGroup>
    <ClInclude Include="7z_C\7zCrc.h">
      <Filter>7z</Filter>
    </ClInclude>
    <ClInclude Include="7z_C\Alloc.h">
      <Filter>7z</Filter>
    </ClInclude>
    <ClInclude Include="7z_C\Archive\7z\7zAlloc.h">
      <Filter>7z\Archive</Filter>
    </ClInclude>
    <ClInclude Include="7z_C\Archive\7z\7zBuffer.h">
      <Filter>7z\Archive</Filter>
    </ClInclude>
    <ClInclude Include="7z_C\Archive\7z\7zDecode.h">
      <Filter>7z\Archive</Filter>
    </ClInclude>
    <ClInclude Include="7z_C\Archive\7z\7zExtract.h">
      <Filter>7z\Archive</Filter>
    </ClInclude>
    <ClInclude Include="7z_C\Archive\7z\7zHeader.h">
      <Filter>7z\Archive</Filter>
    </ClInclude>
    <ClInclude Include="7z_C\Archive\7z\7zIn.h">
      <Filter>7z\Archive</Filter>
    </ClInclude>
    <ClInclude Include="7z_C\Archive\7z\7zItem.h">
      <Filter>7z\Archive</Filter>
    </ClInclude>
    <ClInclude Include="7z_C\Archive\7z\7zMethodID.h">
      <Filter>7z\Archive</Filter>
    </ClInclude>
    <ClInclude Include="7z_C\Compress\Branch\BranchTypes.h">
      <Filter>7z\Compress</Filter>
    </ClInclude>
    <ClInclude Include="7z_C\Compress\Branch\BranchX86.h">
      <Filter>7z\Compress</Filter>
    </ClInclude>
    <ClInclude Include="7z_C\Compress\Branch\BranchX86_2.h">
      <Filter>7z\Compress</Filter>
    </ClInclude>
    <ClInclude Include="7z_C\Compress\Lzma\LzmaDecode.h">
      <Filter>7z\Compress</Filter>
    </ClInclude>
    <ClInclude Include="7z_C\Compress\Lzma\LzmaTypes.h">
      <Filter>7z\Compress</Filter>
    </ClInclude>
    <ClInclude Include="7z_C\Types.h">
      <Filter>7z</Filter>
    </ClInclude>
    <ClInclude Include="fex\abstract_file.h">
      <Filter>fex</Filter>
    </ClInclude>
    <ClInclude Include="fex\blargg_common.h">
      <Filter>fex</Filter>
    </ClInclude>
    <ClInclude Include="fex\blargg_config.h">
      <Filter>fex</Filter>
    </ClInclude>
    <ClInclude Include="fex\blargg_endian.h">
      <Filter>fex</Filter>
    </ClInclude>
    <ClInclude Include="fex\blargg_source.h">
      <Filter>fex</Filter>
    </ClInclude>
    <ClInclude Include="fex\Data_Reader.h">
      <Filter>fex</Filter>
    </ClInclude>
    <ClInclude Include="fex\fex.h">
      <Filter>fex</Filter>
    </ClInclude>
    <ClInclude Include="fex\File_Extractor.h">
      <Filter>fex</Filter>
    </ClInclude>
    <ClInclude Include="fex\Gzip_Reader.h">
      <Filter>fex</Filter>
    </ClInclude>
    <ClInclude Include="fex\Single_File_Extractor.h">
      <Filter>fex</Filter>
    </ClInclude>
    <ClInclude Include="fex\unzip.h">
      <Filter>fex</Filter>
    </ClInclude>
    <ClInclude Include="fex\Zip7_Extractor.h">
      <Filter>fex</Filter>
    </ClInclude>
    <ClInclude Include="fex\Zip_Extractor.h">
      <Filter>fex</Filter>
    </ClInclude>
    <ClInclude Include="fex\Zlib_Inflater.h">
      <Filter>fex</Filter>
    </ClInclude>
  </ItemGroup>
  <ItemGroup>
    <None Include="7z_C\7zC.txt">
      <Filter>7z</Filter>
    </None>
    <None Include="7z_C\changes.txt">
      <Filter>7z</Filter>
    </None>
    <None Include="7z_C\lzma.txt">
      <Filter>7z</Filter>
    </None>
  </ItemGroup>
</Project>