<?xml version="1.0" encoding="utf-8"?>
<Project ToolsVersion="4.0" xmlns="http://schemas.microsoft.com/developer/msbuild/2003">
  <ItemGroup>
    <Filter Include="Source Files">
      <UniqueIdentifier>{4FC737F1-C7A5-4376-A066-2A32D752A2FF}</UniqueIdentifier>
      <Extensions>cpp;c;cxx;def;odl;idl;hpj;bat;asm;asmx</Extensions>
    </Filter>
    <Filter Include="Header Files">
      <UniqueIdentifier>{93995380-89BD-4b04-88EB-625FBE52EBFB}</UniqueIdentifier>
      <Extensions>h;hpp;hxx;hm;inl;inc;xsd</Extensions>
    </Filter>
    <Filter Include="Source Files\libretro">
      <UniqueIdentifier>{d19de43b-0337-4673-9b9e-1892d348647d}</UniqueIdentifier>
    </Filter>
    <Filter Include="Header Files\libretro">
      <UniqueIdentifier>{becd444c-3df5-4a9e-9885-8a181058095d}</UniqueIdentifier>
    </Filter>
  </ItemGroup>
  <ItemGroup>
    <ClInclude Include="..\libretro\libretro.hpp">
      <Filter>Header Files\libretro</Filter>
    </ClInclude>
    <ClInclude Include="..\src\gba.h">
      <Filter>Header Files</Filter>
    </ClInclude>
    <ClInclude Include="..\src\globals.h">
      <Filter>Header Files</Filter>
    </ClInclude>
    <ClInclude Include="..\src\memory.h">
      <Filter>Header Files</Filter>
    </ClInclude>
    <ClInclude Include="..\src\port.h">
      <Filter>Header Files</Filter>
    </ClInclude>
    <ClInclude Include="..\src\sound.h">
      <Filter>Header Files</Filter>
    </ClInclude>
    <ClInclude Include="..\src\sound_blargg.h">
      <Filter>Header Files</Filter>
    </ClInclude>
    <ClInclude Include="..\src\system.h">
      <Filter>Header Files</Filter>
    </ClInclude>
    <ClInclude Include="..\src\types.h">
      <Filter>Header Files</Filter>
    </ClInclude>
  </ItemGroup>
  <ItemGroup>
    <ClCompile Include="..\..\libretro.cpp">
      <Filter>Source Files\libretro</Filter>
    </ClCompile>
    <ClCompile Include="..\..\..\src\sound.cpp">
      <Filter>Source Files</Filter>
    </ClCompile>
    <ClCompile Include="..\..\..\src\gba.cpp">
      <Filter>Source Files</Filter>
    </ClCompile>
    <ClCompile Include="..\..\..\src\memory.cpp">
      <Filter>Source Files</Filter>
    </ClCompile>
  </ItemGroup>
</Project>